// !$*UTF8*$!
{
	archiveVersion = 1;
	classes = {
	};
	objectVersion = 46;
	objects = {

/* Begin PBXBuildFile section */
		0007B3531D70F87300821141 /* Types.swift in Sources */ = {isa = PBXBuildFile; fileRef = 0007B3521D70F87300821141 /* Types.swift */; };
		0007B3551D70FBA400821141 /* GoPokedex_QuickMovesFinal.csv in Resources */ = {isa = PBXBuildFile; fileRef = 0007B3541D70FBA400821141 /* GoPokedex_QuickMovesFinal.csv */; };
		0007B35B1D71021D00821141 /* GoPokedex_TypesFinal.csv in Resources */ = {isa = PBXBuildFile; fileRef = 0007B35A1D71021D00821141 /* GoPokedex_TypesFinal.csv */; };
		0007B35D1D71141500821141 /* GoPokedex_Descriptions.csv in Resources */ = {isa = PBXBuildFile; fileRef = 0007B35C1D71141500821141 /* GoPokedex_Descriptions.csv */; };
		0007B3611D71C28700821141 /* GoPokedex_SpeciesFinal.csv in Resources */ = {isa = PBXBuildFile; fileRef = 0007B3601D71C28700821141 /* GoPokedex_SpeciesFinal.csv */; };
		0007B3631D72114700821141 /* IvCalculator.swift in Sources */ = {isa = PBXBuildFile; fileRef = 0007B3621D72114700821141 /* IvCalculator.swift */; };
		0007B3651D724A9200821141 /* GoPokedex_ChargeMovesFinal.csv in Resources */ = {isa = PBXBuildFile; fileRef = 0007B3641D724A9200821141 /* GoPokedex_ChargeMovesFinal.csv */; };
		000B7AD51D68902300B39A1B /* PokedexViewController.swift in Sources */ = {isa = PBXBuildFile; fileRef = 000B7AD41D68902300B39A1B /* PokedexViewController.swift */; };
		000B7AE31D6892C700B39A1B /* Pokemon Solid.ttf in Resources */ = {isa = PBXBuildFile; fileRef = 000B7AE21D6892C700B39A1B /* Pokemon Solid.ttf */; };
		0036E4251D73110A00C98905 /* IVViewController.swift in Sources */ = {isa = PBXBuildFile; fileRef = 0036E4241D73110A00C98905 /* IVViewController.swift */; };
		0036E42B1D73122000C98905 /* SevenSwitch.swift in Sources */ = {isa = PBXBuildFile; fileRef = 0036E42A1D73122000C98905 /* SevenSwitch.swift */; };
		0036E42F1D732FA800C98905 /* Assets.xcassets in Resources */ = {isa = PBXBuildFile; fileRef = 0036E42E1D732FA800C98905 /* Assets.xcassets */; };
		006B88511D6B3BE500FC68C4 /* TipsHeaderView.xib in Resources */ = {isa = PBXBuildFile; fileRef = 006B88501D6B3BE500FC68C4 /* TipsHeaderView.xib */; };
		006B88531D6B3D2100FC68C4 /* TipsDescriptionl.swift in Sources */ = {isa = PBXBuildFile; fileRef = 006B88521D6B3D2100FC68C4 /* TipsDescriptionl.swift */; };
		006B88551D6B3D8E00FC68C4 /* TipsHeaderView.swift in Sources */ = {isa = PBXBuildFile; fileRef = 006B88541D6B3D8E00FC68C4 /* TipsHeaderView.swift */; };
		006B88571D6B409600FC68C4 /* RoundImage.swift in Sources */ = {isa = PBXBuildFile; fileRef = 006B88561D6B409600FC68C4 /* RoundImage.swift */; };
		006B88591D6B43F600FC68C4 /* Tips.swift in Sources */ = {isa = PBXBuildFile; fileRef = 006B88581D6B43F600FC68C4 /* Tips.swift */; };
		006B885B1D6B73D900FC68C4 /* TipsRow.swift in Sources */ = {isa = PBXBuildFile; fileRef = 006B885A1D6B73D900FC68C4 /* TipsRow.swift */; };
		006B885D1D6B773800FC68C4 /* TipsDetailViewController.swift in Sources */ = {isa = PBXBuildFile; fileRef = 006B885C1D6B773800FC68C4 /* TipsDetailViewController.swift */; };
		006B888D1D6C8D4C00FC68C4 /* ChargeMove.swift in Sources */ = {isa = PBXBuildFile; fileRef = 006B888A1D6C8D4C00FC68C4 /* ChargeMove.swift */; };
		006B888E1D6C8D4C00FC68C4 /* Pokemon.swift in Sources */ = {isa = PBXBuildFile; fileRef = 006B888B1D6C8D4C00FC68C4 /* Pokemon.swift */; };
		006B888F1D6C8D4C00FC68C4 /* QuickMove.swift in Sources */ = {isa = PBXBuildFile; fileRef = 006B888C1D6C8D4C00FC68C4 /* QuickMove.swift */; };
		006B88941D6C8D6C00FC68C4 /* Constants.swift in Sources */ = {isa = PBXBuildFile; fileRef = 006B88901D6C8D6C00FC68C4 /* Constants.swift */; };
		006B88951D6C8D6C00FC68C4 /* csvParsing.swift in Sources */ = {isa = PBXBuildFile; fileRef = 006B88911D6C8D6C00FC68C4 /* csvParsing.swift */; };
		006B88971D6C8D6C00FC68C4 /* utils.swift in Sources */ = {isa = PBXBuildFile; fileRef = 006B88931D6C8D6C00FC68C4 /* utils.swift */; };
		00877C251D63A06600570241 /* RAMBounceAnimation.swift in Sources */ = {isa = PBXBuildFile; fileRef = 00877C181D63A06600570241 /* RAMBounceAnimation.swift */; };
		00877C261D63A06600570241 /* RAMFrameItemAnimation.swift in Sources */ = {isa = PBXBuildFile; fileRef = 00877C1A1D63A06600570241 /* RAMFrameItemAnimation.swift */; };
		00877C271D63A06600570241 /* RAMFumeAnimation.swift in Sources */ = {isa = PBXBuildFile; fileRef = 00877C1C1D63A06600570241 /* RAMFumeAnimation.swift */; };
		00877C281D63A06600570241 /* RAMRotationAnimation.swift in Sources */ = {isa = PBXBuildFile; fileRef = 00877C1E1D63A06600570241 /* RAMRotationAnimation.swift */; };
		00877C291D63A06600570241 /* RAMTransitionItemAnimations.swift in Sources */ = {isa = PBXBuildFile; fileRef = 00877C201D63A06600570241 /* RAMTransitionItemAnimations.swift */; };
		00877C2A1D63A06600570241 /* RAMAnimatedTabBarController.swift in Sources */ = {isa = PBXBuildFile; fileRef = 00877C211D63A06600570241 /* RAMAnimatedTabBarController.swift */; };
		00877C2B1D63A06600570241 /* RAMBadge.swift in Sources */ = {isa = PBXBuildFile; fileRef = 00877C231D63A06600570241 /* RAMBadge.swift */; };
		00877C2C1D63A06600570241 /* RAMItemAnimationProtocol.swift in Sources */ = {isa = PBXBuildFile; fileRef = 00877C241D63A06600570241 /* RAMItemAnimationProtocol.swift */; };
		00877C551D63A11700570241 /* NVActivityIndicatorAnimationAudioEqualizer.swift in Sources */ = {isa = PBXBuildFile; fileRef = 00877C2F1D63A11700570241 /* NVActivityIndicatorAnimationAudioEqualizer.swift */; };
		00877C561D63A11700570241 /* NVActivityIndicatorAnimationBallBeat.swift in Sources */ = {isa = PBXBuildFile; fileRef = 00877C301D63A11700570241 /* NVActivityIndicatorAnimationBallBeat.swift */; };
		00877C571D63A11700570241 /* NVActivityIndicatorAnimationBallClipRotate.swift in Sources */ = {isa = PBXBuildFile; fileRef = 00877C311D63A11700570241 /* NVActivityIndicatorAnimationBallClipRotate.swift */; };
		00877C581D63A11700570241 /* NVActivityIndicatorAnimationBallClipRotateMultiple.swift in Sources */ = {isa = PBXBuildFile; fileRef = 00877C321D63A11700570241 /* NVActivityIndicatorAnimationBallClipRotateMultiple.swift */; };
		00877C591D63A11700570241 /* NVActivityIndicatorAnimationBallClipRotatePulse.swift in Sources */ = {isa = PBXBuildFile; fileRef = 00877C331D63A11700570241 /* NVActivityIndicatorAnimationBallClipRotatePulse.swift */; };
		00877C5A1D63A11700570241 /* NVActivityIndicatorAnimationBallGridBeat.swift in Sources */ = {isa = PBXBuildFile; fileRef = 00877C341D63A11700570241 /* NVActivityIndicatorAnimationBallGridBeat.swift */; };
		00877C5B1D63A11700570241 /* NVActivityIndicatorAnimationBallGridPulse.swift in Sources */ = {isa = PBXBuildFile; fileRef = 00877C351D63A11700570241 /* NVActivityIndicatorAnimationBallGridPulse.swift */; };
		00877C5C1D63A11700570241 /* NVActivityIndicatorAnimationBallPulse.swift in Sources */ = {isa = PBXBuildFile; fileRef = 00877C361D63A11700570241 /* NVActivityIndicatorAnimationBallPulse.swift */; };
		00877C5D1D63A11700570241 /* NVActivityIndicatorAnimationBallPulseRise.swift in Sources */ = {isa = PBXBuildFile; fileRef = 00877C371D63A11700570241 /* NVActivityIndicatorAnimationBallPulseRise.swift */; };
		00877C5E1D63A11700570241 /* NVActivityIndicatorAnimationBallPulseSync.swift in Sources */ = {isa = PBXBuildFile; fileRef = 00877C381D63A11700570241 /* NVActivityIndicatorAnimationBallPulseSync.swift */; };
		00877C5F1D63A11700570241 /* NVActivityIndicatorAnimationBallRotate.swift in Sources */ = {isa = PBXBuildFile; fileRef = 00877C391D63A11700570241 /* NVActivityIndicatorAnimationBallRotate.swift */; };
		00877C601D63A11700570241 /* NVActivityIndicatorAnimationBallRotateChase.swift in Sources */ = {isa = PBXBuildFile; fileRef = 00877C3A1D63A11700570241 /* NVActivityIndicatorAnimationBallRotateChase.swift */; };
		00877C611D63A11700570241 /* NVActivityIndicatorAnimationBallScale.swift in Sources */ = {isa = PBXBuildFile; fileRef = 00877C3B1D63A11700570241 /* NVActivityIndicatorAnimationBallScale.swift */; };
		00877C621D63A11700570241 /* NVActivityIndicatorAnimationBallScaleMultiple.swift in Sources */ = {isa = PBXBuildFile; fileRef = 00877C3C1D63A11700570241 /* NVActivityIndicatorAnimationBallScaleMultiple.swift */; };
		00877C631D63A11700570241 /* NVActivityIndicatorAnimationBallScaleRipple.swift in Sources */ = {isa = PBXBuildFile; fileRef = 00877C3D1D63A11700570241 /* NVActivityIndicatorAnimationBallScaleRipple.swift */; };
		00877C641D63A11700570241 /* NVActivityIndicatorAnimationBallScaleRippleMultiple.swift in Sources */ = {isa = PBXBuildFile; fileRef = 00877C3E1D63A11700570241 /* NVActivityIndicatorAnimationBallScaleRippleMultiple.swift */; };
		00877C651D63A11700570241 /* NVActivityIndicatorAnimationBallSpinFadeLoader.swift in Sources */ = {isa = PBXBuildFile; fileRef = 00877C3F1D63A11700570241 /* NVActivityIndicatorAnimationBallSpinFadeLoader.swift */; };
		00877C661D63A11700570241 /* NVActivityIndicatorAnimationBallTrianglePath.swift in Sources */ = {isa = PBXBuildFile; fileRef = 00877C401D63A11700570241 /* NVActivityIndicatorAnimationBallTrianglePath.swift */; };
		00877C671D63A11700570241 /* NVActivityIndicatorAnimationBallZigZag.swift in Sources */ = {isa = PBXBuildFile; fileRef = 00877C411D63A11700570241 /* NVActivityIndicatorAnimationBallZigZag.swift */; };
		00877C681D63A11700570241 /* NVActivityIndicatorAnimationBallZigZagDeflect.swift in Sources */ = {isa = PBXBuildFile; fileRef = 00877C421D63A11700570241 /* NVActivityIndicatorAnimationBallZigZagDeflect.swift */; };
		00877C691D63A11700570241 /* NVActivityIndicatorAnimationBlank.swift in Sources */ = {isa = PBXBuildFile; fileRef = 00877C431D63A11700570241 /* NVActivityIndicatorAnimationBlank.swift */; };
		00877C6A1D63A11700570241 /* NVActivityIndicatorAnimationCubeTransition.swift in Sources */ = {isa = PBXBuildFile; fileRef = 00877C441D63A11700570241 /* NVActivityIndicatorAnimationCubeTransition.swift */; };
		00877C6B1D63A11700570241 /* NVActivityIndicatorAnimationLineScale.swift in Sources */ = {isa = PBXBuildFile; fileRef = 00877C451D63A11700570241 /* NVActivityIndicatorAnimationLineScale.swift */; };
		00877C6C1D63A11700570241 /* NVActivityIndicatorAnimationLineScaleParty.swift in Sources */ = {isa = PBXBuildFile; fileRef = 00877C461D63A11700570241 /* NVActivityIndicatorAnimationLineScaleParty.swift */; };
		00877C6D1D63A11700570241 /* NVActivityIndicatorAnimationLineScalePulseOut.swift in Sources */ = {isa = PBXBuildFile; fileRef = 00877C471D63A11700570241 /* NVActivityIndicatorAnimationLineScalePulseOut.swift */; };
		00877C6E1D63A11700570241 /* NVActivityIndicatorAnimationLineScalePulseOutRapid.swift in Sources */ = {isa = PBXBuildFile; fileRef = 00877C481D63A11700570241 /* NVActivityIndicatorAnimationLineScalePulseOutRapid.swift */; };
		00877C6F1D63A11700570241 /* NVActivityIndicatorAnimationLineSpinFadeLoader.swift in Sources */ = {isa = PBXBuildFile; fileRef = 00877C491D63A11700570241 /* NVActivityIndicatorAnimationLineSpinFadeLoader.swift */; };
		00877C701D63A11700570241 /* NVActivityIndicatorAnimationOrbit.swift in Sources */ = {isa = PBXBuildFile; fileRef = 00877C4A1D63A11700570241 /* NVActivityIndicatorAnimationOrbit.swift */; };
		00877C711D63A11700570241 /* NVActivityIndicatorAnimationPacman.swift in Sources */ = {isa = PBXBuildFile; fileRef = 00877C4B1D63A11700570241 /* NVActivityIndicatorAnimationPacman.swift */; };
		00877C721D63A11700570241 /* NVActivityIndicatorAnimationSemiCircleSpin.swift in Sources */ = {isa = PBXBuildFile; fileRef = 00877C4C1D63A11700570241 /* NVActivityIndicatorAnimationSemiCircleSpin.swift */; };
		00877C731D63A11700570241 /* NVActivityIndicatorAnimationSquareSpin.swift in Sources */ = {isa = PBXBuildFile; fileRef = 00877C4D1D63A11700570241 /* NVActivityIndicatorAnimationSquareSpin.swift */; };
		00877C741D63A11700570241 /* NVActivityIndicatorAnimationTriangleSkewSpin.swift in Sources */ = {isa = PBXBuildFile; fileRef = 00877C4E1D63A11700570241 /* NVActivityIndicatorAnimationTriangleSkewSpin.swift */; };
		00877C751D63A11700570241 /* Info.plist in Resources */ = {isa = PBXBuildFile; fileRef = 00877C4F1D63A11700570241 /* Info.plist */; };
		00877C761D63A11700570241 /* NVActivityIndicatorAnimationDelegate.swift in Sources */ = {isa = PBXBuildFile; fileRef = 00877C501D63A11700570241 /* NVActivityIndicatorAnimationDelegate.swift */; };
		00877C771D63A11700570241 /* NVActivityIndicatorShape.swift in Sources */ = {isa = PBXBuildFile; fileRef = 00877C511D63A11700570241 /* NVActivityIndicatorShape.swift */; };
		00877C781D63A11700570241 /* NVActivityIndicatorView.swift in Sources */ = {isa = PBXBuildFile; fileRef = 00877C531D63A11700570241 /* NVActivityIndicatorView.swift */; };
		00877C791D63A11700570241 /* NVActivityIndicatorViewable.swift in Sources */ = {isa = PBXBuildFile; fileRef = 00877C541D63A11700570241 /* NVActivityIndicatorViewable.swift */; };
		008C6FB41D75129100A8A7FB /* PathDynamicModal.swift in Sources */ = {isa = PBXBuildFile; fileRef = 008C6FB31D75129100A8A7FB /* PathDynamicModal.swift */; };
		008C6FBB1D751C2800A8A7FB /* HpModalView.swift in Sources */ = {isa = PBXBuildFile; fileRef = 008C6FB91D751C2800A8A7FB /* HpModalView.swift */; };
		008C6FBC1D751C2800A8A7FB /* HpModalView.xib in Resources */ = {isa = PBXBuildFile; fileRef = 008C6FBA1D751C2800A8A7FB /* HpModalView.xib */; };
		008C6FBE1D7594A600A8A7FB /* CpModalView.swift in Sources */ = {isa = PBXBuildFile; fileRef = 008C6FBD1D7594A600A8A7FB /* CpModalView.swift */; };
		008C6FC01D7594DA00A8A7FB /* CpModalView.xib in Resources */ = {isa = PBXBuildFile; fileRef = 008C6FBF1D7594DA00A8A7FB /* CpModalView.xib */; };
		008C6FC21D75B76A00A8A7FB /* StardustModalView.xib in Resources */ = {isa = PBXBuildFile; fileRef = 008C6FC11D75B76A00A8A7FB /* StardustModalView.xib */; };
		008C6FC41D75B7BF00A8A7FB /* StardustModalView.swift in Sources */ = {isa = PBXBuildFile; fileRef = 008C6FC31D75B7BF00A8A7FB /* StardustModalView.swift */; };
		008C6FC61D75BDAC00A8A7FB /* LevelModalView.swift in Sources */ = {isa = PBXBuildFile; fileRef = 008C6FC51D75BDAC00A8A7FB /* LevelModalView.swift */; };
		008C6FC81D75BDBF00A8A7FB /* LevelModalView.xib in Resources */ = {isa = PBXBuildFile; fileRef = 008C6FC71D75BDBF00A8A7FB /* LevelModalView.xib */; };
		009A7F091D6D27130024109F /* GoPokedex_Evolutions.csv in Resources */ = {isa = PBXBuildFile; fileRef = 009A7F081D6D27130024109F /* GoPokedex_Evolutions.csv */; };
		009A7F131D6F4D6A0024109F /* MenuViewController.swift in Sources */ = {isa = PBXBuildFile; fileRef = 009A7F121D6F4D6A0024109F /* MenuViewController.swift */; };
		009A7F161D6F62DC0024109F /* ItemsViewController.swift in Sources */ = {isa = PBXBuildFile; fileRef = 009A7F151D6F62DC0024109F /* ItemsViewController.swift */; };
		00A4AA301D69B7140013B4A2 /* PathMenu.swift in Sources */ = {isa = PBXBuildFile; fileRef = 00A4AA2E1D69B7140013B4A2 /* PathMenu.swift */; };
		00A4AA311D69B7140013B4A2 /* PathMenuItem.swift in Sources */ = {isa = PBXBuildFile; fileRef = 00A4AA2F1D69B7140013B4A2 /* PathMenuItem.swift */; };
		00A4AA351D69B8660013B4A2 /* MenuController.swift in Sources */ = {isa = PBXBuildFile; fileRef = 00A4AA341D69B8660013B4A2 /* MenuController.swift */; };
		00A4AA3E1D6A52AE0013B4A2 /* Fire.jpg in Resources */ = {isa = PBXBuildFile; fileRef = 00A4AA3D1D6A52AE0013B4A2 /* Fire.jpg */; };
		00A4AA421D6A75640013B4A2 /* TipsViewController.swift in Sources */ = {isa = PBXBuildFile; fileRef = 00A4AA411D6A75640013B4A2 /* TipsViewController.swift */; };
		00BD02371D64DF4A00EAAB9D /* FoldingCell.swift in Sources */ = {isa = PBXBuildFile; fileRef = 00BD02361D64DF4A00EAAB9D /* FoldingCell.swift */; };
		00BD02391D64E04600EAAB9D /* DemoCell.swift in Sources */ = {isa = PBXBuildFile; fileRef = 00BD02381D64E04600EAAB9D /* DemoCell.swift */; };
		00BD023B1D64E0E100EAAB9D /* MainTableViewController.swift in Sources */ = {isa = PBXBuildFile; fileRef = 00BD023A1D64E0E100EAAB9D /* MainTableViewController.swift */; };
		00BD02471D64E23F00EAAB9D /* OpenSans-Bold.ttf in Resources */ = {isa = PBXBuildFile; fileRef = 00BD023D1D64E23F00EAAB9D /* OpenSans-Bold.ttf */; };
		00BD024B1D64E23F00EAAB9D /* OpenSans-Italic.ttf in Resources */ = {isa = PBXBuildFile; fileRef = 00BD02411D64E23F00EAAB9D /* OpenSans-Italic.ttf */; };
		00BD024C1D64E23F00EAAB9D /* OpenSans-Light.ttf in Resources */ = {isa = PBXBuildFile; fileRef = 00BD02421D64E23F00EAAB9D /* OpenSans-Light.ttf */; };
		00BD024F1D64E23F00EAAB9D /* OpenSans-Semibold.ttf in Resources */ = {isa = PBXBuildFile; fileRef = 00BD02451D64E23F00EAAB9D /* OpenSans-Semibold.ttf */; };
		00D0A9DC1D606FAF0005E3E2 /* quickMovesViewController.swift in Sources */ = {isa = PBXBuildFile; fileRef = 00D0A9DB1D606FAF0005E3E2 /* quickMovesViewController.swift */; };
		00ECECD31D67CDA000443918 /* Bug.jpg in Resources */ = {isa = PBXBuildFile; fileRef = 00ECECC81D67CDA000443918 /* Bug.jpg */; };
		00ECECD41D67CDA000443918 /* Dragon.jpg in Resources */ = {isa = PBXBuildFile; fileRef = 00ECECC91D67CDA000443918 /* Dragon.jpg */; };
		00ECECD51D67CDA000443918 /* Fighting.jpg in Resources */ = {isa = PBXBuildFile; fileRef = 00ECECCA1D67CDA000443918 /* Fighting.jpg */; };
		00ECECD61D67CDA000443918 /* Flying.jpg in Resources */ = {isa = PBXBuildFile; fileRef = 00ECECCB1D67CDA000443918 /* Flying.jpg */; };
		00ECECD71D67CDA000443918 /* Grass.jpg in Resources */ = {isa = PBXBuildFile; fileRef = 00ECECCC1D67CDA000443918 /* Grass.jpg */; };
		00ECECD81D67CDA000443918 /* Ice.jpg in Resources */ = {isa = PBXBuildFile; fileRef = 00ECECCD1D67CDA000443918 /* Ice.jpg */; };
		00ECECD91D67CDA000443918 /* Normal.jpg in Resources */ = {isa = PBXBuildFile; fileRef = 00ECECCE1D67CDA000443918 /* Normal.jpg */; };
		00ECECDA1D67CDA000443918 /* Poison.jpg in Resources */ = {isa = PBXBuildFile; fileRef = 00ECECCF1D67CDA000443918 /* Poison.jpg */; };
		00ECECDB1D67CDA000443918 /* Psychic.jpg in Resources */ = {isa = PBXBuildFile; fileRef = 00ECECD01D67CDA000443918 /* Psychic.jpg */; };
		00ECECDC1D67CDA000443918 /* Steel.jpg in Resources */ = {isa = PBXBuildFile; fileRef = 00ECECD11D67CDA000443918 /* Steel.jpg */; };
		00ECECDD1D67CDA000443918 /* Water.jpg in Resources */ = {isa = PBXBuildFile; fileRef = 00ECECD21D67CDA000443918 /* Water.jpg */; };
		00ECECDF1D67CDBF00443918 /* chargeMovesViewController.swift in Sources */ = {isa = PBXBuildFile; fileRef = 00ECECDE1D67CDBF00443918 /* chargeMovesViewController.swift */; };
		38E50B851D78C9130036658A /* SettingsViewController.swift in Sources */ = {isa = PBXBuildFile; fileRef = 38E50B841D78C9130036658A /* SettingsViewController.swift */; };
		9562A8141C343A30009C0411 /* AppDelegate.swift in Sources */ = {isa = PBXBuildFile; fileRef = 9562A8131C343A30009C0411 /* AppDelegate.swift */; };
		9562A8161C343A30009C0411 /* ViewController.swift in Sources */ = {isa = PBXBuildFile; fileRef = 9562A8151C343A30009C0411 /* ViewController.swift */; };
		9562A8191C343A30009C0411 /* Main.storyboard in Resources */ = {isa = PBXBuildFile; fileRef = 9562A8171C343A30009C0411 /* Main.storyboard */; };
		9562A81E1C343A30009C0411 /* LaunchScreen.storyboard in Resources */ = {isa = PBXBuildFile; fileRef = 9562A81C1C343A30009C0411 /* LaunchScreen.storyboard */; };
		9562A8291C343A30009C0411 /* CityGuideTests.swift in Sources */ = {isa = PBXBuildFile; fileRef = 9562A8281C343A30009C0411 /* CityGuideTests.swift */; };
		9562A8341C343A30009C0411 /* CityGuideUITests.swift in Sources */ = {isa = PBXBuildFile; fileRef = 9562A8331C343A30009C0411 /* CityGuideUITests.swift */; };
		9562A8441C343A5E009C0411 /* Foundation.framework in Frameworks */ = {isa = PBXBuildFile; fileRef = 9562A8431C343A5E009C0411 /* Foundation.framework */; };
		9562A8461C343A64009C0411 /* CoreGraphics.framework in Frameworks */ = {isa = PBXBuildFile; fileRef = 9562A8451C343A64009C0411 /* CoreGraphics.framework */; };
		9562A8481C343A77009C0411 /* CoreLocation.framework in Frameworks */ = {isa = PBXBuildFile; fileRef = 9562A8471C343A77009C0411 /* CoreLocation.framework */; };
		9562A8521C343BF1009C0411 /* MobileCoreServices.framework in Frameworks */ = {isa = PBXBuildFile; fileRef = 9562A8511C343BF1009C0411 /* MobileCoreServices.framework */; };
		9562A85B1C343C23009C0411 /* SystemConfiguration.framework in Frameworks */ = {isa = PBXBuildFile; fileRef = 9562A85A1C343C23009C0411 /* SystemConfiguration.framework */; };
		9562A86B1C343CD4009C0411 /* CustomData.m in Sources */ = {isa = PBXBuildFile; fileRef = 9562A86A1C343CD4009C0411 /* CustomData.m */; };
		95CE1E561C3549F600D51E3B /* DetailViewController.swift in Sources */ = {isa = PBXBuildFile; fileRef = 95CE1E551C3549F600D51E3B /* DetailViewController.swift */; };
		95E8E9B81C5D0DD600CD5D44 /* CloudKit.framework in Frameworks */ = {isa = PBXBuildFile; fileRef = 95E8E9B71C5D0DD600CD5D44 /* CloudKit.framework */; };
		DB24BCCC1C3590BC006B129C /* GoogleMobileAds.framework in Frameworks */ = {isa = PBXBuildFile; fileRef = DB24BCCB1C3590BC006B129C /* GoogleMobileAds.framework */; };
		DB24BCD41C35910A006B129C /* CoreMedia.framework in Frameworks */ = {isa = PBXBuildFile; fileRef = DB24BCCE1C35910A006B129C /* CoreMedia.framework */; };
		DB24BCD51C35910A006B129C /* CoreTelephony.framework in Frameworks */ = {isa = PBXBuildFile; fileRef = DB24BCCF1C35910A006B129C /* CoreTelephony.framework */; };
		DB24BCD61C35910A006B129C /* EventKit.framework in Frameworks */ = {isa = PBXBuildFile; fileRef = DB24BCD01C35910A006B129C /* EventKit.framework */; };
		DB24BCD71C35910A006B129C /* EventKitUI.framework in Frameworks */ = {isa = PBXBuildFile; fileRef = DB24BCD11C35910A006B129C /* EventKitUI.framework */; };
		DB24BCD81C35910A006B129C /* MessageUI.framework in Frameworks */ = {isa = PBXBuildFile; fileRef = DB24BCD21C35910A006B129C /* MessageUI.framework */; };
/* End PBXBuildFile section */

/* Begin PBXContainerItemProxy section */
		9562A8251C343A30009C0411 /* PBXContainerItemProxy */ = {
			isa = PBXContainerItemProxy;
			containerPortal = 9562A8081C343A30009C0411 /* Project object */;
			proxyType = 1;
			remoteGlobalIDString = 9562A80F1C343A30009C0411;
			remoteInfo = testParse;
		};
		9562A8301C343A30009C0411 /* PBXContainerItemProxy */ = {
			isa = PBXContainerItemProxy;
			containerPortal = 9562A8081C343A30009C0411 /* Project object */;
			proxyType = 1;
			remoteGlobalIDString = 9562A80F1C343A30009C0411;
			remoteInfo = testParse;
		};
/* End PBXContainerItemProxy section */

/* Begin PBXFileReference section */
		0007B3521D70F87300821141 /* Types.swift */ = {isa = PBXFileReference; fileEncoding = 4; lastKnownFileType = sourcecode.swift; name = Types.swift; path = ../Types.swift; sourceTree = "<group>"; };
		0007B3541D70FBA400821141 /* GoPokedex_QuickMovesFinal.csv */ = {isa = PBXFileReference; fileEncoding = 4; lastKnownFileType = text; path = GoPokedex_QuickMovesFinal.csv; sourceTree = "<group>"; };
		0007B35A1D71021D00821141 /* GoPokedex_TypesFinal.csv */ = {isa = PBXFileReference; fileEncoding = 4; lastKnownFileType = text; path = GoPokedex_TypesFinal.csv; sourceTree = "<group>"; };
		0007B35C1D71141500821141 /* GoPokedex_Descriptions.csv */ = {isa = PBXFileReference; fileEncoding = 4; lastKnownFileType = text; path = GoPokedex_Descriptions.csv; sourceTree = "<group>"; };
		0007B3601D71C28700821141 /* GoPokedex_SpeciesFinal.csv */ = {isa = PBXFileReference; fileEncoding = 4; lastKnownFileType = text; path = GoPokedex_SpeciesFinal.csv; sourceTree = "<group>"; };
		0007B3621D72114700821141 /* IvCalculator.swift */ = {isa = PBXFileReference; fileEncoding = 4; lastKnownFileType = sourcecode.swift; path = IvCalculator.swift; sourceTree = "<group>"; };
		0007B3641D724A9200821141 /* GoPokedex_ChargeMovesFinal.csv */ = {isa = PBXFileReference; fileEncoding = 4; lastKnownFileType = text; path = GoPokedex_ChargeMovesFinal.csv; sourceTree = "<group>"; };
		000B7AD41D68902300B39A1B /* PokedexViewController.swift */ = {isa = PBXFileReference; fileEncoding = 4; lastKnownFileType = sourcecode.swift; path = PokedexViewController.swift; sourceTree = "<group>"; };
		000B7AE21D6892C700B39A1B /* Pokemon Solid.ttf */ = {isa = PBXFileReference; lastKnownFileType = file; path = "Pokemon Solid.ttf"; sourceTree = "<group>"; };
		0036E4241D73110A00C98905 /* IVViewController.swift */ = {isa = PBXFileReference; fileEncoding = 4; lastKnownFileType = sourcecode.swift; path = IVViewController.swift; sourceTree = "<group>"; };
		0036E42A1D73122000C98905 /* SevenSwitch.swift */ = {isa = PBXFileReference; fileEncoding = 4; lastKnownFileType = sourcecode.swift; path = SevenSwitch.swift; sourceTree = "<group>"; };
		0036E42E1D732FA800C98905 /* Assets.xcassets */ = {isa = PBXFileReference; lastKnownFileType = folder.assetcatalog; path = Assets.xcassets; sourceTree = "<group>"; };
		006B88501D6B3BE500FC68C4 /* TipsHeaderView.xib */ = {isa = PBXFileReference; fileEncoding = 4; lastKnownFileType = file.xib; path = TipsHeaderView.xib; sourceTree = "<group>"; };
		006B88521D6B3D2100FC68C4 /* TipsDescriptionl.swift */ = {isa = PBXFileReference; fileEncoding = 4; lastKnownFileType = sourcecode.swift; path = TipsDescriptionl.swift; sourceTree = "<group>"; };
		006B88541D6B3D8E00FC68C4 /* TipsHeaderView.swift */ = {isa = PBXFileReference; fileEncoding = 4; lastKnownFileType = sourcecode.swift; path = TipsHeaderView.swift; sourceTree = "<group>"; };
		006B88561D6B409600FC68C4 /* RoundImage.swift */ = {isa = PBXFileReference; fileEncoding = 4; lastKnownFileType = sourcecode.swift; path = RoundImage.swift; sourceTree = "<group>"; };
		006B88581D6B43F600FC68C4 /* Tips.swift */ = {isa = PBXFileReference; fileEncoding = 4; lastKnownFileType = sourcecode.swift; path = Tips.swift; sourceTree = "<group>"; };
		006B885A1D6B73D900FC68C4 /* TipsRow.swift */ = {isa = PBXFileReference; fileEncoding = 4; lastKnownFileType = sourcecode.swift; path = TipsRow.swift; sourceTree = "<group>"; };
		006B885C1D6B773800FC68C4 /* TipsDetailViewController.swift */ = {isa = PBXFileReference; fileEncoding = 4; lastKnownFileType = sourcecode.swift; path = TipsDetailViewController.swift; sourceTree = "<group>"; };
		006B888A1D6C8D4C00FC68C4 /* ChargeMove.swift */ = {isa = PBXFileReference; fileEncoding = 4; lastKnownFileType = sourcecode.swift; path = ChargeMove.swift; sourceTree = "<group>"; };
		006B888B1D6C8D4C00FC68C4 /* Pokemon.swift */ = {isa = PBXFileReference; fileEncoding = 4; lastKnownFileType = sourcecode.swift; path = Pokemon.swift; sourceTree = "<group>"; };
		006B888C1D6C8D4C00FC68C4 /* QuickMove.swift */ = {isa = PBXFileReference; fileEncoding = 4; lastKnownFileType = sourcecode.swift; path = QuickMove.swift; sourceTree = "<group>"; };
		006B88901D6C8D6C00FC68C4 /* Constants.swift */ = {isa = PBXFileReference; fileEncoding = 4; lastKnownFileType = sourcecode.swift; path = Constants.swift; sourceTree = "<group>"; };
		006B88911D6C8D6C00FC68C4 /* csvParsing.swift */ = {isa = PBXFileReference; fileEncoding = 4; lastKnownFileType = sourcecode.swift; path = csvParsing.swift; sourceTree = "<group>"; };
		006B88931D6C8D6C00FC68C4 /* utils.swift */ = {isa = PBXFileReference; fileEncoding = 4; lastKnownFileType = sourcecode.swift; path = utils.swift; sourceTree = "<group>"; };
		00877C181D63A06600570241 /* RAMBounceAnimation.swift */ = {isa = PBXFileReference; fileEncoding = 4; lastKnownFileType = sourcecode.swift; path = RAMBounceAnimation.swift; sourceTree = "<group>"; };
		00877C1A1D63A06600570241 /* RAMFrameItemAnimation.swift */ = {isa = PBXFileReference; fileEncoding = 4; lastKnownFileType = sourcecode.swift; path = RAMFrameItemAnimation.swift; sourceTree = "<group>"; };
		00877C1C1D63A06600570241 /* RAMFumeAnimation.swift */ = {isa = PBXFileReference; fileEncoding = 4; lastKnownFileType = sourcecode.swift; path = RAMFumeAnimation.swift; sourceTree = "<group>"; };
		00877C1E1D63A06600570241 /* RAMRotationAnimation.swift */ = {isa = PBXFileReference; fileEncoding = 4; lastKnownFileType = sourcecode.swift; path = RAMRotationAnimation.swift; sourceTree = "<group>"; };
		00877C201D63A06600570241 /* RAMTransitionItemAnimations.swift */ = {isa = PBXFileReference; fileEncoding = 4; lastKnownFileType = sourcecode.swift; path = RAMTransitionItemAnimations.swift; sourceTree = "<group>"; };
		00877C211D63A06600570241 /* RAMAnimatedTabBarController.swift */ = {isa = PBXFileReference; fileEncoding = 4; lastKnownFileType = sourcecode.swift; path = RAMAnimatedTabBarController.swift; sourceTree = "<group>"; };
		00877C231D63A06600570241 /* RAMBadge.swift */ = {isa = PBXFileReference; fileEncoding = 4; lastKnownFileType = sourcecode.swift; path = RAMBadge.swift; sourceTree = "<group>"; };
		00877C241D63A06600570241 /* RAMItemAnimationProtocol.swift */ = {isa = PBXFileReference; fileEncoding = 4; lastKnownFileType = sourcecode.swift; path = RAMItemAnimationProtocol.swift; sourceTree = "<group>"; };
		00877C2F1D63A11700570241 /* NVActivityIndicatorAnimationAudioEqualizer.swift */ = {isa = PBXFileReference; fileEncoding = 4; lastKnownFileType = sourcecode.swift; path = NVActivityIndicatorAnimationAudioEqualizer.swift; sourceTree = "<group>"; };
		00877C301D63A11700570241 /* NVActivityIndicatorAnimationBallBeat.swift */ = {isa = PBXFileReference; fileEncoding = 4; lastKnownFileType = sourcecode.swift; path = NVActivityIndicatorAnimationBallBeat.swift; sourceTree = "<group>"; };
		00877C311D63A11700570241 /* NVActivityIndicatorAnimationBallClipRotate.swift */ = {isa = PBXFileReference; fileEncoding = 4; lastKnownFileType = sourcecode.swift; path = NVActivityIndicatorAnimationBallClipRotate.swift; sourceTree = "<group>"; };
		00877C321D63A11700570241 /* NVActivityIndicatorAnimationBallClipRotateMultiple.swift */ = {isa = PBXFileReference; fileEncoding = 4; lastKnownFileType = sourcecode.swift; path = NVActivityIndicatorAnimationBallClipRotateMultiple.swift; sourceTree = "<group>"; };
		00877C331D63A11700570241 /* NVActivityIndicatorAnimationBallClipRotatePulse.swift */ = {isa = PBXFileReference; fileEncoding = 4; lastKnownFileType = sourcecode.swift; path = NVActivityIndicatorAnimationBallClipRotatePulse.swift; sourceTree = "<group>"; };
		00877C341D63A11700570241 /* NVActivityIndicatorAnimationBallGridBeat.swift */ = {isa = PBXFileReference; fileEncoding = 4; lastKnownFileType = sourcecode.swift; path = NVActivityIndicatorAnimationBallGridBeat.swift; sourceTree = "<group>"; };
		00877C351D63A11700570241 /* NVActivityIndicatorAnimationBallGridPulse.swift */ = {isa = PBXFileReference; fileEncoding = 4; lastKnownFileType = sourcecode.swift; path = NVActivityIndicatorAnimationBallGridPulse.swift; sourceTree = "<group>"; };
		00877C361D63A11700570241 /* NVActivityIndicatorAnimationBallPulse.swift */ = {isa = PBXFileReference; fileEncoding = 4; lastKnownFileType = sourcecode.swift; path = NVActivityIndicatorAnimationBallPulse.swift; sourceTree = "<group>"; };
		00877C371D63A11700570241 /* NVActivityIndicatorAnimationBallPulseRise.swift */ = {isa = PBXFileReference; fileEncoding = 4; lastKnownFileType = sourcecode.swift; path = NVActivityIndicatorAnimationBallPulseRise.swift; sourceTree = "<group>"; };
		00877C381D63A11700570241 /* NVActivityIndicatorAnimationBallPulseSync.swift */ = {isa = PBXFileReference; fileEncoding = 4; lastKnownFileType = sourcecode.swift; path = NVActivityIndicatorAnimationBallPulseSync.swift; sourceTree = "<group>"; };
		00877C391D63A11700570241 /* NVActivityIndicatorAnimationBallRotate.swift */ = {isa = PBXFileReference; fileEncoding = 4; lastKnownFileType = sourcecode.swift; path = NVActivityIndicatorAnimationBallRotate.swift; sourceTree = "<group>"; };
		00877C3A1D63A11700570241 /* NVActivityIndicatorAnimationBallRotateChase.swift */ = {isa = PBXFileReference; fileEncoding = 4; lastKnownFileType = sourcecode.swift; path = NVActivityIndicatorAnimationBallRotateChase.swift; sourceTree = "<group>"; };
		00877C3B1D63A11700570241 /* NVActivityIndicatorAnimationBallScale.swift */ = {isa = PBXFileReference; fileEncoding = 4; lastKnownFileType = sourcecode.swift; path = NVActivityIndicatorAnimationBallScale.swift; sourceTree = "<group>"; };
		00877C3C1D63A11700570241 /* NVActivityIndicatorAnimationBallScaleMultiple.swift */ = {isa = PBXFileReference; fileEncoding = 4; lastKnownFileType = sourcecode.swift; path = NVActivityIndicatorAnimationBallScaleMultiple.swift; sourceTree = "<group>"; };
		00877C3D1D63A11700570241 /* NVActivityIndicatorAnimationBallScaleRipple.swift */ = {isa = PBXFileReference; fileEncoding = 4; lastKnownFileType = sourcecode.swift; path = NVActivityIndicatorAnimationBallScaleRipple.swift; sourceTree = "<group>"; };
		00877C3E1D63A11700570241 /* NVActivityIndicatorAnimationBallScaleRippleMultiple.swift */ = {isa = PBXFileReference; fileEncoding = 4; lastKnownFileType = sourcecode.swift; path = NVActivityIndicatorAnimationBallScaleRippleMultiple.swift; sourceTree = "<group>"; };
		00877C3F1D63A11700570241 /* NVActivityIndicatorAnimationBallSpinFadeLoader.swift */ = {isa = PBXFileReference; fileEncoding = 4; lastKnownFileType = sourcecode.swift; path = NVActivityIndicatorAnimationBallSpinFadeLoader.swift; sourceTree = "<group>"; };
		00877C401D63A11700570241 /* NVActivityIndicatorAnimationBallTrianglePath.swift */ = {isa = PBXFileReference; fileEncoding = 4; lastKnownFileType = sourcecode.swift; path = NVActivityIndicatorAnimationBallTrianglePath.swift; sourceTree = "<group>"; };
		00877C411D63A11700570241 /* NVActivityIndicatorAnimationBallZigZag.swift */ = {isa = PBXFileReference; fileEncoding = 4; lastKnownFileType = sourcecode.swift; path = NVActivityIndicatorAnimationBallZigZag.swift; sourceTree = "<group>"; };
		00877C421D63A11700570241 /* NVActivityIndicatorAnimationBallZigZagDeflect.swift */ = {isa = PBXFileReference; fileEncoding = 4; lastKnownFileType = sourcecode.swift; path = NVActivityIndicatorAnimationBallZigZagDeflect.swift; sourceTree = "<group>"; };
		00877C431D63A11700570241 /* NVActivityIndicatorAnimationBlank.swift */ = {isa = PBXFileReference; fileEncoding = 4; lastKnownFileType = sourcecode.swift; path = NVActivityIndicatorAnimationBlank.swift; sourceTree = "<group>"; };
		00877C441D63A11700570241 /* NVActivityIndicatorAnimationCubeTransition.swift */ = {isa = PBXFileReference; fileEncoding = 4; lastKnownFileType = sourcecode.swift; path = NVActivityIndicatorAnimationCubeTransition.swift; sourceTree = "<group>"; };
		00877C451D63A11700570241 /* NVActivityIndicatorAnimationLineScale.swift */ = {isa = PBXFileReference; fileEncoding = 4; lastKnownFileType = sourcecode.swift; path = NVActivityIndicatorAnimationLineScale.swift; sourceTree = "<group>"; };
		00877C461D63A11700570241 /* NVActivityIndicatorAnimationLineScaleParty.swift */ = {isa = PBXFileReference; fileEncoding = 4; lastKnownFileType = sourcecode.swift; path = NVActivityIndicatorAnimationLineScaleParty.swift; sourceTree = "<group>"; };
		00877C471D63A11700570241 /* NVActivityIndicatorAnimationLineScalePulseOut.swift */ = {isa = PBXFileReference; fileEncoding = 4; lastKnownFileType = sourcecode.swift; path = NVActivityIndicatorAnimationLineScalePulseOut.swift; sourceTree = "<group>"; };
		00877C481D63A11700570241 /* NVActivityIndicatorAnimationLineScalePulseOutRapid.swift */ = {isa = PBXFileReference; fileEncoding = 4; lastKnownFileType = sourcecode.swift; path = NVActivityIndicatorAnimationLineScalePulseOutRapid.swift; sourceTree = "<group>"; };
		00877C491D63A11700570241 /* NVActivityIndicatorAnimationLineSpinFadeLoader.swift */ = {isa = PBXFileReference; fileEncoding = 4; lastKnownFileType = sourcecode.swift; path = NVActivityIndicatorAnimationLineSpinFadeLoader.swift; sourceTree = "<group>"; };
		00877C4A1D63A11700570241 /* NVActivityIndicatorAnimationOrbit.swift */ = {isa = PBXFileReference; fileEncoding = 4; lastKnownFileType = sourcecode.swift; path = NVActivityIndicatorAnimationOrbit.swift; sourceTree = "<group>"; };
		00877C4B1D63A11700570241 /* NVActivityIndicatorAnimationPacman.swift */ = {isa = PBXFileReference; fileEncoding = 4; lastKnownFileType = sourcecode.swift; path = NVActivityIndicatorAnimationPacman.swift; sourceTree = "<group>"; };
		00877C4C1D63A11700570241 /* NVActivityIndicatorAnimationSemiCircleSpin.swift */ = {isa = PBXFileReference; fileEncoding = 4; lastKnownFileType = sourcecode.swift; path = NVActivityIndicatorAnimationSemiCircleSpin.swift; sourceTree = "<group>"; };
		00877C4D1D63A11700570241 /* NVActivityIndicatorAnimationSquareSpin.swift */ = {isa = PBXFileReference; fileEncoding = 4; lastKnownFileType = sourcecode.swift; path = NVActivityIndicatorAnimationSquareSpin.swift; sourceTree = "<group>"; };
		00877C4E1D63A11700570241 /* NVActivityIndicatorAnimationTriangleSkewSpin.swift */ = {isa = PBXFileReference; fileEncoding = 4; lastKnownFileType = sourcecode.swift; path = NVActivityIndicatorAnimationTriangleSkewSpin.swift; sourceTree = "<group>"; };
		00877C4F1D63A11700570241 /* Info.plist */ = {isa = PBXFileReference; fileEncoding = 4; lastKnownFileType = text.plist.xml; path = Info.plist; sourceTree = "<group>"; };
		00877C501D63A11700570241 /* NVActivityIndicatorAnimationDelegate.swift */ = {isa = PBXFileReference; fileEncoding = 4; lastKnownFileType = sourcecode.swift; path = NVActivityIndicatorAnimationDelegate.swift; sourceTree = "<group>"; };
		00877C511D63A11700570241 /* NVActivityIndicatorShape.swift */ = {isa = PBXFileReference; fileEncoding = 4; lastKnownFileType = sourcecode.swift; path = NVActivityIndicatorShape.swift; sourceTree = "<group>"; };
		00877C521D63A11700570241 /* NVActivityIndicatorView.h */ = {isa = PBXFileReference; fileEncoding = 4; lastKnownFileType = sourcecode.c.h; path = NVActivityIndicatorView.h; sourceTree = "<group>"; };
		00877C531D63A11700570241 /* NVActivityIndicatorView.swift */ = {isa = PBXFileReference; fileEncoding = 4; lastKnownFileType = sourcecode.swift; path = NVActivityIndicatorView.swift; sourceTree = "<group>"; };
		00877C541D63A11700570241 /* NVActivityIndicatorViewable.swift */ = {isa = PBXFileReference; fileEncoding = 4; lastKnownFileType = sourcecode.swift; path = NVActivityIndicatorViewable.swift; sourceTree = "<group>"; };
		008C6FB31D75129100A8A7FB /* PathDynamicModal.swift */ = {isa = PBXFileReference; fileEncoding = 4; lastKnownFileType = sourcecode.swift; path = PathDynamicModal.swift; sourceTree = "<group>"; };
		008C6FB91D751C2800A8A7FB /* HpModalView.swift */ = {isa = PBXFileReference; fileEncoding = 4; lastKnownFileType = sourcecode.swift; path = HpModalView.swift; sourceTree = "<group>"; };
		008C6FBA1D751C2800A8A7FB /* HpModalView.xib */ = {isa = PBXFileReference; fileEncoding = 4; lastKnownFileType = file.xib; path = HpModalView.xib; sourceTree = "<group>"; };
		008C6FBD1D7594A600A8A7FB /* CpModalView.swift */ = {isa = PBXFileReference; fileEncoding = 4; lastKnownFileType = sourcecode.swift; path = CpModalView.swift; sourceTree = "<group>"; };
		008C6FBF1D7594DA00A8A7FB /* CpModalView.xib */ = {isa = PBXFileReference; fileEncoding = 4; lastKnownFileType = file.xib; path = CpModalView.xib; sourceTree = "<group>"; };
		008C6FC11D75B76A00A8A7FB /* StardustModalView.xib */ = {isa = PBXFileReference; fileEncoding = 4; lastKnownFileType = file.xib; path = StardustModalView.xib; sourceTree = "<group>"; };
		008C6FC31D75B7BF00A8A7FB /* StardustModalView.swift */ = {isa = PBXFileReference; fileEncoding = 4; lastKnownFileType = sourcecode.swift; path = StardustModalView.swift; sourceTree = "<group>"; };
		008C6FC51D75BDAC00A8A7FB /* LevelModalView.swift */ = {isa = PBXFileReference; fileEncoding = 4; lastKnownFileType = sourcecode.swift; path = LevelModalView.swift; sourceTree = "<group>"; };
		008C6FC71D75BDBF00A8A7FB /* LevelModalView.xib */ = {isa = PBXFileReference; fileEncoding = 4; lastKnownFileType = file.xib; path = LevelModalView.xib; sourceTree = "<group>"; };
		009A7F081D6D27130024109F /* GoPokedex_Evolutions.csv */ = {isa = PBXFileReference; fileEncoding = 4; lastKnownFileType = text; path = GoPokedex_Evolutions.csv; sourceTree = "<group>"; };
		009A7F121D6F4D6A0024109F /* MenuViewController.swift */ = {isa = PBXFileReference; fileEncoding = 4; lastKnownFileType = sourcecode.swift; path = MenuViewController.swift; sourceTree = "<group>"; };
		009A7F151D6F62DC0024109F /* ItemsViewController.swift */ = {isa = PBXFileReference; fileEncoding = 4; lastKnownFileType = sourcecode.swift; path = ItemsViewController.swift; sourceTree = "<group>"; };
		00A4AA2E1D69B7140013B4A2 /* PathMenu.swift */ = {isa = PBXFileReference; fileEncoding = 4; lastKnownFileType = sourcecode.swift; path = PathMenu.swift; sourceTree = "<group>"; };
		00A4AA2F1D69B7140013B4A2 /* PathMenuItem.swift */ = {isa = PBXFileReference; fileEncoding = 4; lastKnownFileType = sourcecode.swift; path = PathMenuItem.swift; sourceTree = "<group>"; };
		00A4AA341D69B8660013B4A2 /* MenuController.swift */ = {isa = PBXFileReference; fileEncoding = 4; lastKnownFileType = sourcecode.swift; path = MenuController.swift; sourceTree = "<group>"; };
		00A4AA3D1D6A52AE0013B4A2 /* Fire.jpg */ = {isa = PBXFileReference; lastKnownFileType = image.jpeg; path = Fire.jpg; sourceTree = "<group>"; };
		00A4AA411D6A75640013B4A2 /* TipsViewController.swift */ = {isa = PBXFileReference; fileEncoding = 4; lastKnownFileType = sourcecode.swift; path = TipsViewController.swift; sourceTree = "<group>"; };
		00BD02361D64DF4A00EAAB9D /* FoldingCell.swift */ = {isa = PBXFileReference; fileEncoding = 4; lastKnownFileType = sourcecode.swift; path = FoldingCell.swift; sourceTree = "<group>"; };
		00BD02381D64E04600EAAB9D /* DemoCell.swift */ = {isa = PBXFileReference; fileEncoding = 4; lastKnownFileType = sourcecode.swift; path = DemoCell.swift; sourceTree = "<group>"; };
		00BD023A1D64E0E100EAAB9D /* MainTableViewController.swift */ = {isa = PBXFileReference; fileEncoding = 4; lastKnownFileType = sourcecode.swift; path = MainTableViewController.swift; sourceTree = "<group>"; };
		00BD023D1D64E23F00EAAB9D /* OpenSans-Bold.ttf */ = {isa = PBXFileReference; lastKnownFileType = file; path = "OpenSans-Bold.ttf"; sourceTree = "<group>"; };
		00BD02411D64E23F00EAAB9D /* OpenSans-Italic.ttf */ = {isa = PBXFileReference; lastKnownFileType = file; path = "OpenSans-Italic.ttf"; sourceTree = "<group>"; };
		00BD02421D64E23F00EAAB9D /* OpenSans-Light.ttf */ = {isa = PBXFileReference; lastKnownFileType = file; path = "OpenSans-Light.ttf"; sourceTree = "<group>"; };
		00BD02451D64E23F00EAAB9D /* OpenSans-Semibold.ttf */ = {isa = PBXFileReference; lastKnownFileType = file; path = "OpenSans-Semibold.ttf"; sourceTree = "<group>"; };
		00D0A9DB1D606FAF0005E3E2 /* quickMovesViewController.swift */ = {isa = PBXFileReference; fileEncoding = 4; lastKnownFileType = sourcecode.swift; path = quickMovesViewController.swift; sourceTree = "<group>"; };
		00ECECC81D67CDA000443918 /* Bug.jpg */ = {isa = PBXFileReference; lastKnownFileType = image.jpeg; path = Bug.jpg; sourceTree = "<group>"; };
		00ECECC91D67CDA000443918 /* Dragon.jpg */ = {isa = PBXFileReference; lastKnownFileType = image.jpeg; path = Dragon.jpg; sourceTree = "<group>"; };
		00ECECCA1D67CDA000443918 /* Fighting.jpg */ = {isa = PBXFileReference; lastKnownFileType = image.jpeg; path = Fighting.jpg; sourceTree = "<group>"; };
		00ECECCB1D67CDA000443918 /* Flying.jpg */ = {isa = PBXFileReference; lastKnownFileType = image.jpeg; path = Flying.jpg; sourceTree = "<group>"; };
		00ECECCC1D67CDA000443918 /* Grass.jpg */ = {isa = PBXFileReference; lastKnownFileType = image.jpeg; path = Grass.jpg; sourceTree = "<group>"; };
		00ECECCD1D67CDA000443918 /* Ice.jpg */ = {isa = PBXFileReference; lastKnownFileType = image.jpeg; path = Ice.jpg; sourceTree = "<group>"; };
		00ECECCE1D67CDA000443918 /* Normal.jpg */ = {isa = PBXFileReference; lastKnownFileType = image.jpeg; path = Normal.jpg; sourceTree = "<group>"; };
		00ECECCF1D67CDA000443918 /* Poison.jpg */ = {isa = PBXFileReference; lastKnownFileType = image.jpeg; path = Poison.jpg; sourceTree = "<group>"; };
		00ECECD01D67CDA000443918 /* Psychic.jpg */ = {isa = PBXFileReference; lastKnownFileType = image.jpeg; path = Psychic.jpg; sourceTree = "<group>"; };
		00ECECD11D67CDA000443918 /* Steel.jpg */ = {isa = PBXFileReference; lastKnownFileType = image.jpeg; path = Steel.jpg; sourceTree = "<group>"; };
		00ECECD21D67CDA000443918 /* Water.jpg */ = {isa = PBXFileReference; lastKnownFileType = image.jpeg; path = Water.jpg; sourceTree = "<group>"; };
		00ECECDE1D67CDBF00443918 /* chargeMovesViewController.swift */ = {isa = PBXFileReference; fileEncoding = 4; lastKnownFileType = sourcecode.swift; path = chargeMovesViewController.swift; sourceTree = "<group>"; };
		38E50B841D78C9130036658A /* SettingsViewController.swift */ = {isa = PBXFileReference; fileEncoding = 4; lastKnownFileType = sourcecode.swift; path = SettingsViewController.swift; sourceTree = "<group>"; };
		9562A8101C343A30009C0411 /* Go Pokedex.app */ = {isa = PBXFileReference; explicitFileType = wrapper.application; includeInIndex = 0; path = "Go Pokedex.app"; sourceTree = BUILT_PRODUCTS_DIR; };
		9562A8131C343A30009C0411 /* AppDelegate.swift */ = {isa = PBXFileReference; lastKnownFileType = sourcecode.swift; path = AppDelegate.swift; sourceTree = "<group>"; };
		9562A8151C343A30009C0411 /* ViewController.swift */ = {isa = PBXFileReference; lastKnownFileType = sourcecode.swift; path = ViewController.swift; sourceTree = "<group>"; };
		9562A8181C343A30009C0411 /* Base */ = {isa = PBXFileReference; lastKnownFileType = file.storyboard; name = Base; path = Base.lproj/Main.storyboard; sourceTree = "<group>"; };
		9562A81D1C343A30009C0411 /* Base */ = {isa = PBXFileReference; lastKnownFileType = file.storyboard; name = Base; path = Base.lproj/LaunchScreen.storyboard; sourceTree = "<group>"; };
		9562A81F1C343A30009C0411 /* Info.plist */ = {isa = PBXFileReference; lastKnownFileType = text.plist.xml; path = Info.plist; sourceTree = "<group>"; };
		9562A8241C343A30009C0411 /* Go Pokedex.xctest */ = {isa = PBXFileReference; explicitFileType = wrapper.cfbundle; includeInIndex = 0; path = "Go Pokedex.xctest"; sourceTree = BUILT_PRODUCTS_DIR; };
		9562A8281C343A30009C0411 /* CityGuideTests.swift */ = {isa = PBXFileReference; lastKnownFileType = sourcecode.swift; path = CityGuideTests.swift; sourceTree = "<group>"; };
		9562A82A1C343A30009C0411 /* Info.plist */ = {isa = PBXFileReference; lastKnownFileType = text.plist.xml; path = Info.plist; sourceTree = "<group>"; };
		9562A82F1C343A30009C0411 /* Go Pokedex.xctest */ = {isa = PBXFileReference; explicitFileType = wrapper.cfbundle; includeInIndex = 0; path = "Go Pokedex.xctest"; sourceTree = BUILT_PRODUCTS_DIR; };
		9562A8331C343A30009C0411 /* CityGuideUITests.swift */ = {isa = PBXFileReference; lastKnownFileType = sourcecode.swift; path = CityGuideUITests.swift; sourceTree = "<group>"; };
		9562A8351C343A30009C0411 /* Info.plist */ = {isa = PBXFileReference; lastKnownFileType = text.plist.xml; path = Info.plist; sourceTree = "<group>"; };
		9562A8431C343A5E009C0411 /* Foundation.framework */ = {isa = PBXFileReference; lastKnownFileType = wrapper.framework; name = Foundation.framework; path = System/Library/Frameworks/Foundation.framework; sourceTree = SDKROOT; };
		9562A8451C343A64009C0411 /* CoreGraphics.framework */ = {isa = PBXFileReference; lastKnownFileType = wrapper.framework; name = CoreGraphics.framework; path = System/Library/Frameworks/CoreGraphics.framework; sourceTree = SDKROOT; };
		9562A8471C343A77009C0411 /* CoreLocation.framework */ = {isa = PBXFileReference; lastKnownFileType = wrapper.framework; name = CoreLocation.framework; path = System/Library/Frameworks/CoreLocation.framework; sourceTree = SDKROOT; };
		9562A8511C343BF1009C0411 /* MobileCoreServices.framework */ = {isa = PBXFileReference; lastKnownFileType = wrapper.framework; name = MobileCoreServices.framework; path = System/Library/Frameworks/MobileCoreServices.framework; sourceTree = SDKROOT; };
		9562A85A1C343C23009C0411 /* SystemConfiguration.framework */ = {isa = PBXFileReference; lastKnownFileType = wrapper.framework; name = SystemConfiguration.framework; path = System/Library/Frameworks/SystemConfiguration.framework; sourceTree = SDKROOT; };
		9562A86A1C343CD4009C0411 /* CustomData.m */ = {isa = PBXFileReference; fileEncoding = 4; lastKnownFileType = sourcecode.c.objc; path = CustomData.m; sourceTree = "<group>"; };
		95CE1E551C3549F600D51E3B /* DetailViewController.swift */ = {isa = PBXFileReference; fileEncoding = 4; lastKnownFileType = sourcecode.swift; path = DetailViewController.swift; sourceTree = "<group>"; };
		95E8E9B61C5D0DC600CD5D44 /* CityGuide.entitlements */ = {isa = PBXFileReference; lastKnownFileType = text.xml; path = CityGuide.entitlements; sourceTree = "<group>"; };
		95E8E9B71C5D0DD600CD5D44 /* CloudKit.framework */ = {isa = PBXFileReference; lastKnownFileType = wrapper.framework; name = CloudKit.framework; path = System/Library/Frameworks/CloudKit.framework; sourceTree = SDKROOT; };
		DB24BCCB1C3590BC006B129C /* GoogleMobileAds.framework */ = {isa = PBXFileReference; lastKnownFileType = wrapper.framework; path = GoogleMobileAds.framework; sourceTree = "<group>"; };
		DB24BCCE1C35910A006B129C /* CoreMedia.framework */ = {isa = PBXFileReference; lastKnownFileType = wrapper.framework; name = CoreMedia.framework; path = System/Library/Frameworks/CoreMedia.framework; sourceTree = SDKROOT; };
		DB24BCCF1C35910A006B129C /* CoreTelephony.framework */ = {isa = PBXFileReference; lastKnownFileType = wrapper.framework; name = CoreTelephony.framework; path = System/Library/Frameworks/CoreTelephony.framework; sourceTree = SDKROOT; };
		DB24BCD01C35910A006B129C /* EventKit.framework */ = {isa = PBXFileReference; lastKnownFileType = wrapper.framework; name = EventKit.framework; path = System/Library/Frameworks/EventKit.framework; sourceTree = SDKROOT; };
		DB24BCD11C35910A006B129C /* EventKitUI.framework */ = {isa = PBXFileReference; lastKnownFileType = wrapper.framework; name = EventKitUI.framework; path = System/Library/Frameworks/EventKitUI.framework; sourceTree = SDKROOT; };
		DB24BCD21C35910A006B129C /* MessageUI.framework */ = {isa = PBXFileReference; lastKnownFileType = wrapper.framework; name = MessageUI.framework; path = System/Library/Frameworks/MessageUI.framework; sourceTree = SDKROOT; };
/* End PBXFileReference section */

/* Begin PBXFrameworksBuildPhase section */
		9562A80D1C343A30009C0411 /* Frameworks */ = {
			isa = PBXFrameworksBuildPhase;
			buildActionMask = 2147483647;
			files = (
				DB24BCD41C35910A006B129C /* CoreMedia.framework in Frameworks */,
				DB24BCD51C35910A006B129C /* CoreTelephony.framework in Frameworks */,
				DB24BCD61C35910A006B129C /* EventKit.framework in Frameworks */,
				DB24BCD71C35910A006B129C /* EventKitUI.framework in Frameworks */,
				DB24BCD81C35910A006B129C /* MessageUI.framework in Frameworks */,
				9562A8461C343A64009C0411 /* CoreGraphics.framework in Frameworks */,
				9562A85B1C343C23009C0411 /* SystemConfiguration.framework in Frameworks */,
				95E8E9B81C5D0DD600CD5D44 /* CloudKit.framework in Frameworks */,
				9562A8521C343BF1009C0411 /* MobileCoreServices.framework in Frameworks */,
				DB24BCCC1C3590BC006B129C /* GoogleMobileAds.framework in Frameworks */,
				9562A8481C343A77009C0411 /* CoreLocation.framework in Frameworks */,
				9562A8441C343A5E009C0411 /* Foundation.framework in Frameworks */,
			);
			runOnlyForDeploymentPostprocessing = 0;
		};
		9562A8211C343A30009C0411 /* Frameworks */ = {
			isa = PBXFrameworksBuildPhase;
			buildActionMask = 2147483647;
			files = (
			);
			runOnlyForDeploymentPostprocessing = 0;
		};
		9562A82C1C343A30009C0411 /* Frameworks */ = {
			isa = PBXFrameworksBuildPhase;
			buildActionMask = 2147483647;
			files = (
			);
			runOnlyForDeploymentPostprocessing = 0;
		};
/* End PBXFrameworksBuildPhase section */

/* Begin PBXGroup section */
		0007B3471D706CB300821141 /* Settings */ = {
			isa = PBXGroup;
			children = (
				38E50B841D78C9130036658A /* SettingsViewController.swift */,
			);
			name = Settings;
			sourceTree = "<group>";
		};
		0036E4231D7310E500C98905 /* IV Calculator */ = {
			isa = PBXGroup;
			children = (
				008C6FC51D75BDAC00A8A7FB /* LevelModalView.swift */,
				008C6FC71D75BDBF00A8A7FB /* LevelModalView.xib */,
				008C6FC31D75B7BF00A8A7FB /* StardustModalView.swift */,
				008C6FC11D75B76A00A8A7FB /* StardustModalView.xib */,
				008C6FB91D751C2800A8A7FB /* HpModalView.swift */,
				008C6FBA1D751C2800A8A7FB /* HpModalView.xib */,
				008C6FBD1D7594A600A8A7FB /* CpModalView.swift */,
				008C6FBF1D7594DA00A8A7FB /* CpModalView.xib */,
				0036E42A1D73122000C98905 /* SevenSwitch.swift */,
				0036E4241D73110A00C98905 /* IVViewController.swift */,
			);
			name = "IV Calculator";
			sourceTree = "<group>";
		};
		006B884E1D6B3B2600FC68C4 /* PokemonDetails */ = {
			isa = PBXGroup;
			children = (
				000B7AD41D68902300B39A1B /* PokedexViewController.swift */,
				00BD023A1D64E0E100EAAB9D /* MainTableViewController.swift */,
				95CE1E551C3549F600D51E3B /* DetailViewController.swift */,
				00D0A9DB1D606FAF0005E3E2 /* quickMovesViewController.swift */,
				00ECECDE1D67CDBF00443918 /* chargeMovesViewController.swift */,
			);
			name = PokemonDetails;
			sourceTree = "<group>";
		};
		006B884F1D6B3B3C00FC68C4 /* Tips */ = {
			isa = PBXGroup;
			children = (
				006B88581D6B43F600FC68C4 /* Tips.swift */,
				006B88561D6B409600FC68C4 /* RoundImage.swift */,
				006B88501D6B3BE500FC68C4 /* TipsHeaderView.xib */,
				006B885C1D6B773800FC68C4 /* TipsDetailViewController.swift */,
				00A4AA411D6A75640013B4A2 /* TipsViewController.swift */,
				006B885A1D6B73D900FC68C4 /* TipsRow.swift */,
				006B88541D6B3D8E00FC68C4 /* TipsHeaderView.swift */,
				006B88521D6B3D2100FC68C4 /* TipsDescriptionl.swift */,
			);
			name = Tips;
			sourceTree = "<group>";
		};
		006B88811D6C8BE000FC68C4 /* Classes */ = {
			isa = PBXGroup;
			children = (
				0007B3521D70F87300821141 /* Types.swift */,
				006B888B1D6C8D4C00FC68C4 /* Pokemon.swift */,
				006B888A1D6C8D4C00FC68C4 /* ChargeMove.swift */,
				006B888C1D6C8D4C00FC68C4 /* QuickMove.swift */,
			);
			name = Classes;
			sourceTree = "<group>";
		};
		006B88821D6C8BF200FC68C4 /* Utils */ = {
			isa = PBXGroup;
			children = (
				006B88901D6C8D6C00FC68C4 /* Constants.swift */,
				0007B3621D72114700821141 /* IvCalculator.swift */,
				006B88911D6C8D6C00FC68C4 /* csvParsing.swift */,
				006B88931D6C8D6C00FC68C4 /* utils.swift */,
			);
			name = Utils;
			sourceTree = "<group>";
		};
		006B88831D6C8C0400FC68C4 /* Database */ = {
			isa = PBXGroup;
			children = (
				0007B3641D724A9200821141 /* GoPokedex_ChargeMovesFinal.csv */,
				0007B35A1D71021D00821141 /* GoPokedex_TypesFinal.csv */,
				0007B3541D70FBA400821141 /* GoPokedex_QuickMovesFinal.csv */,
				009A7F081D6D27130024109F /* GoPokedex_Evolutions.csv */,
				0007B35C1D71141500821141 /* GoPokedex_Descriptions.csv */,
				0007B3601D71C28700821141 /* GoPokedex_SpeciesFinal.csv */,
			);
			name = Database;
			sourceTree = "<group>";
		};
		00877C151D63A06600570241 /* RAMAnimatedTabBarController */ = {
			isa = PBXGroup;
			children = (
				00877C161D63A06600570241 /* Animations */,
				00877C211D63A06600570241 /* RAMAnimatedTabBarController.swift */,
				00877C221D63A06600570241 /* RAMBadge */,
				00877C241D63A06600570241 /* RAMItemAnimationProtocol.swift */,
			);
			path = RAMAnimatedTabBarController;
			sourceTree = "<group>";
		};
		00877C161D63A06600570241 /* Animations */ = {
			isa = PBXGroup;
			children = (
				00877C171D63A06600570241 /* BounceAnimation */,
				00877C191D63A06600570241 /* FrameAnimation */,
				00877C1B1D63A06600570241 /* FumeAnimation */,
				00877C1D1D63A06600570241 /* RotationAnimation */,
				00877C1F1D63A06600570241 /* TransitionAniamtions */,
			);
			path = Animations;
			sourceTree = "<group>";
		};
		00877C171D63A06600570241 /* BounceAnimation */ = {
			isa = PBXGroup;
			children = (
				00877C181D63A06600570241 /* RAMBounceAnimation.swift */,
			);
			path = BounceAnimation;
			sourceTree = "<group>";
		};
		00877C191D63A06600570241 /* FrameAnimation */ = {
			isa = PBXGroup;
			children = (
				00877C1A1D63A06600570241 /* RAMFrameItemAnimation.swift */,
			);
			path = FrameAnimation;
			sourceTree = "<group>";
		};
		00877C1B1D63A06600570241 /* FumeAnimation */ = {
			isa = PBXGroup;
			children = (
				00877C1C1D63A06600570241 /* RAMFumeAnimation.swift */,
			);
			path = FumeAnimation;
			sourceTree = "<group>";
		};
		00877C1D1D63A06600570241 /* RotationAnimation */ = {
			isa = PBXGroup;
			children = (
				00877C1E1D63A06600570241 /* RAMRotationAnimation.swift */,
			);
			path = RotationAnimation;
			sourceTree = "<group>";
		};
		00877C1F1D63A06600570241 /* TransitionAniamtions */ = {
			isa = PBXGroup;
			children = (
				00877C201D63A06600570241 /* RAMTransitionItemAnimations.swift */,
			);
			path = TransitionAniamtions;
			sourceTree = "<group>";
		};
		00877C221D63A06600570241 /* RAMBadge */ = {
			isa = PBXGroup;
			children = (
				00877C231D63A06600570241 /* RAMBadge.swift */,
			);
			path = RAMBadge;
			sourceTree = "<group>";
		};
		00877C2D1D63A11700570241 /* NVActivityIndicatorView */ = {
			isa = PBXGroup;
			children = (
				00877C2E1D63A11700570241 /* Animations */,
				00877C4F1D63A11700570241 /* Info.plist */,
				00877C501D63A11700570241 /* NVActivityIndicatorAnimationDelegate.swift */,
				00877C511D63A11700570241 /* NVActivityIndicatorShape.swift */,
				00877C521D63A11700570241 /* NVActivityIndicatorView.h */,
				00877C531D63A11700570241 /* NVActivityIndicatorView.swift */,
				00877C541D63A11700570241 /* NVActivityIndicatorViewable.swift */,
			);
			name = NVActivityIndicatorView;
			path = ../NVActivityIndicatorView;
			sourceTree = "<group>";
		};
		00877C2E1D63A11700570241 /* Animations */ = {
			isa = PBXGroup;
			children = (
				00877C2F1D63A11700570241 /* NVActivityIndicatorAnimationAudioEqualizer.swift */,
				00877C301D63A11700570241 /* NVActivityIndicatorAnimationBallBeat.swift */,
				00877C311D63A11700570241 /* NVActivityIndicatorAnimationBallClipRotate.swift */,
				00877C321D63A11700570241 /* NVActivityIndicatorAnimationBallClipRotateMultiple.swift */,
				00877C331D63A11700570241 /* NVActivityIndicatorAnimationBallClipRotatePulse.swift */,
				00877C341D63A11700570241 /* NVActivityIndicatorAnimationBallGridBeat.swift */,
				00877C351D63A11700570241 /* NVActivityIndicatorAnimationBallGridPulse.swift */,
				00877C361D63A11700570241 /* NVActivityIndicatorAnimationBallPulse.swift */,
				00877C371D63A11700570241 /* NVActivityIndicatorAnimationBallPulseRise.swift */,
				00877C381D63A11700570241 /* NVActivityIndicatorAnimationBallPulseSync.swift */,
				00877C391D63A11700570241 /* NVActivityIndicatorAnimationBallRotate.swift */,
				00877C3A1D63A11700570241 /* NVActivityIndicatorAnimationBallRotateChase.swift */,
				00877C3B1D63A11700570241 /* NVActivityIndicatorAnimationBallScale.swift */,
				00877C3C1D63A11700570241 /* NVActivityIndicatorAnimationBallScaleMultiple.swift */,
				00877C3D1D63A11700570241 /* NVActivityIndicatorAnimationBallScaleRipple.swift */,
				00877C3E1D63A11700570241 /* NVActivityIndicatorAnimationBallScaleRippleMultiple.swift */,
				00877C3F1D63A11700570241 /* NVActivityIndicatorAnimationBallSpinFadeLoader.swift */,
				00877C401D63A11700570241 /* NVActivityIndicatorAnimationBallTrianglePath.swift */,
				00877C411D63A11700570241 /* NVActivityIndicatorAnimationBallZigZag.swift */,
				00877C421D63A11700570241 /* NVActivityIndicatorAnimationBallZigZagDeflect.swift */,
				00877C431D63A11700570241 /* NVActivityIndicatorAnimationBlank.swift */,
				00877C441D63A11700570241 /* NVActivityIndicatorAnimationCubeTransition.swift */,
				00877C451D63A11700570241 /* NVActivityIndicatorAnimationLineScale.swift */,
				00877C461D63A11700570241 /* NVActivityIndicatorAnimationLineScaleParty.swift */,
				00877C471D63A11700570241 /* NVActivityIndicatorAnimationLineScalePulseOut.swift */,
				00877C481D63A11700570241 /* NVActivityIndicatorAnimationLineScalePulseOutRapid.swift */,
				00877C491D63A11700570241 /* NVActivityIndicatorAnimationLineSpinFadeLoader.swift */,
				00877C4A1D63A11700570241 /* NVActivityIndicatorAnimationOrbit.swift */,
				00877C4B1D63A11700570241 /* NVActivityIndicatorAnimationPacman.swift */,
				00877C4C1D63A11700570241 /* NVActivityIndicatorAnimationSemiCircleSpin.swift */,
				00877C4D1D63A11700570241 /* NVActivityIndicatorAnimationSquareSpin.swift */,
				00877C4E1D63A11700570241 /* NVActivityIndicatorAnimationTriangleSkewSpin.swift */,
			);
			path = Animations;
			sourceTree = "<group>";
		};
		009A7F141D6F5F930024109F /* BackgroundType */ = {
			isa = PBXGroup;
			children = (
				00ECECC81D67CDA000443918 /* Bug.jpg */,
				00ECECC91D67CDA000443918 /* Dragon.jpg */,
				00A4AA3D1D6A52AE0013B4A2 /* Fire.jpg */,
				00ECECCA1D67CDA000443918 /* Fighting.jpg */,
				00ECECCB1D67CDA000443918 /* Flying.jpg */,
				00ECECCC1D67CDA000443918 /* Grass.jpg */,
				00ECECCD1D67CDA000443918 /* Ice.jpg */,
				00ECECCE1D67CDA000443918 /* Normal.jpg */,
				00ECECCF1D67CDA000443918 /* Poison.jpg */,
				00ECECD01D67CDA000443918 /* Psychic.jpg */,
				00ECECD11D67CDA000443918 /* Steel.jpg */,
				00ECECD21D67CDA000443918 /* Water.jpg */,
			);
			name = BackgroundType;
			sourceTree = "<group>";
		};
		00A4AA321D69B71F0013B4A2 /* Menu */ = {
			isa = PBXGroup;
			children = (
				009A7F121D6F4D6A0024109F /* MenuViewController.swift */,
				00A4AA341D69B8660013B4A2 /* MenuController.swift */,
				00A4AA2E1D69B7140013B4A2 /* PathMenu.swift */,
				00A4AA2F1D69B7140013B4A2 /* PathMenuItem.swift */,
			);
			name = Menu;
			sourceTree = "<group>";
		};
		00A4AA331D69B7330013B4A2 /* Pokedex Cells */ = {
			isa = PBXGroup;
			children = (
				00BD02361D64DF4A00EAAB9D /* FoldingCell.swift */,
				00BD02381D64E04600EAAB9D /* DemoCell.swift */,
			);
			name = "Pokedex Cells";
			sourceTree = "<group>";
		};
		00BD023C1D64E22800EAAB9D /* Fonts */ = {
			isa = PBXGroup;
			children = (
				000B7AE21D6892C700B39A1B /* Pokemon Solid.ttf */,
				00BD023D1D64E23F00EAAB9D /* OpenSans-Bold.ttf */,
				00BD02411D64E23F00EAAB9D /* OpenSans-Italic.ttf */,
				00BD02421D64E23F00EAAB9D /* OpenSans-Light.ttf */,
				00BD02451D64E23F00EAAB9D /* OpenSans-Semibold.ttf */,
			);
			name = Fonts;
			sourceTree = "<group>";
		};
		38F07F2A1D7046D4008B1E91 /* Items */ = {
			isa = PBXGroup;
			children = (
				009A7F151D6F62DC0024109F /* ItemsViewController.swift */,
			);
			name = Items;
			sourceTree = "<group>";
		};
		9562A8071C343A30009C0411 = {
			isa = PBXGroup;
			children = (
				DB24BCC81C3583A2006B129C /* Frameworks */,
				9562A8701C3445A0009C0411 /* Resources */,
				9562A8121C343A30009C0411 /* CityGuide */,
				9562A8271C343A30009C0411 /* CityGuideTests */,
				9562A8321C343A30009C0411 /* CityGuideUITests */,
				9562A8111C343A30009C0411 /* Products */,
			);
			sourceTree = "<group>";
		};
		9562A8111C343A30009C0411 /* Products */ = {
			isa = PBXGroup;
			children = (
				9562A8101C343A30009C0411 /* Go Pokedex.app */,
				9562A8241C343A30009C0411 /* Go Pokedex.xctest */,
				9562A82F1C343A30009C0411 /* Go Pokedex.xctest */,
			);
			name = Products;
			sourceTree = "<group>";
		};
		9562A8121C343A30009C0411 /* CityGuide */ = {
			isa = PBXGroup;
			children = (
				95E8E9B61C5D0DC600CD5D44 /* CityGuide.entitlements */,
				006B88831D6C8C0400FC68C4 /* Database */,
				006B88821D6C8BF200FC68C4 /* Utils */,
				006B88811D6C8BE000FC68C4 /* Classes */,
				00A4AA321D69B71F0013B4A2 /* Menu */,
				006B884F1D6B3B3C00FC68C4 /* Tips */,
				38F07F2A1D7046D4008B1E91 /* Items */,
				00A4AA331D69B7330013B4A2 /* Pokedex Cells */,
				006B884E1D6B3B2600FC68C4 /* PokemonDetails */,
				0036E4231D7310E500C98905 /* IV Calculator */,
				9562A8131C343A30009C0411 /* AppDelegate.swift */,
				9562A8151C343A30009C0411 /* ViewController.swift */,
				008C6FB31D75129100A8A7FB /* PathDynamicModal.swift */,
				0036E42E1D732FA800C98905 /* Assets.xcassets */,
				0007B3471D706CB300821141 /* Settings */,
				9562A8171C343A30009C0411 /* Main.storyboard */,
				9562A81C1C343A30009C0411 /* LaunchScreen.storyboard */,
				9562A81F1C343A30009C0411 /* Info.plist */,
				9562A86A1C343CD4009C0411 /* CustomData.m */,
			);
			path = CityGuide;
			sourceTree = "<group>";
		};
		9562A8271C343A30009C0411 /* CityGuideTests */ = {
			isa = PBXGroup;
			children = (
				9562A8281C343A30009C0411 /* CityGuideTests.swift */,
				9562A82A1C343A30009C0411 /* Info.plist */,
			);
			path = CityGuideTests;
			sourceTree = "<group>";
		};
		9562A8321C343A30009C0411 /* CityGuideUITests */ = {
			isa = PBXGroup;
			children = (
				9562A8331C343A30009C0411 /* CityGuideUITests.swift */,
				9562A8351C343A30009C0411 /* Info.plist */,
			);
			path = CityGuideUITests;
			sourceTree = "<group>";
		};
		9562A8701C3445A0009C0411 /* Resources */ = {
			isa = PBXGroup;
			children = (
				00877C151D63A06600570241 /* RAMAnimatedTabBarController */,
				00877C2D1D63A11700570241 /* NVActivityIndicatorView */,
				00BD023C1D64E22800EAAB9D /* Fonts */,
				009A7F141D6F5F930024109F /* BackgroundType */,
			);
			name = Resources;
			path = CityGuide;
			sourceTree = "<group>";
		};
		DB24BCC81C3583A2006B129C /* Frameworks */ = {
			isa = PBXGroup;
			children = (
				95E8E9B71C5D0DD600CD5D44 /* CloudKit.framework */,
				DB24BCCE1C35910A006B129C /* CoreMedia.framework */,
				DB24BCCF1C35910A006B129C /* CoreTelephony.framework */,
				DB24BCD01C35910A006B129C /* EventKit.framework */,
				DB24BCD11C35910A006B129C /* EventKitUI.framework */,
				DB24BCD21C35910A006B129C /* MessageUI.framework */,
				DB24BCCB1C3590BC006B129C /* GoogleMobileAds.framework */,
				9562A85A1C343C23009C0411 /* SystemConfiguration.framework */,
				9562A8511C343BF1009C0411 /* MobileCoreServices.framework */,
				9562A8471C343A77009C0411 /* CoreLocation.framework */,
				9562A8451C343A64009C0411 /* CoreGraphics.framework */,
				9562A8431C343A5E009C0411 /* Foundation.framework */,
			);
			name = Frameworks;
			sourceTree = "<group>";
		};
/* End PBXGroup section */

/* Begin PBXNativeTarget section */
		9562A80F1C343A30009C0411 /* Go Pokedex */ = {
			isa = PBXNativeTarget;
			buildConfigurationList = 9562A8381C343A30009C0411 /* Build configuration list for PBXNativeTarget "Go Pokedex" */;
			buildPhases = (
				9562A80C1C343A30009C0411 /* Sources */,
				9562A80D1C343A30009C0411 /* Frameworks */,
				9562A80E1C343A30009C0411 /* Resources */,
			);
			buildRules = (
			);
			dependencies = (
			);
			name = "Go Pokedex";
			productName = testParse;
			productReference = 9562A8101C343A30009C0411 /* Go Pokedex.app */;
			productType = "com.apple.product-type.application";
		};
		9562A8231C343A30009C0411 /* Go PokedexTests */ = {
			isa = PBXNativeTarget;
			buildConfigurationList = 9562A83B1C343A30009C0411 /* Build configuration list for PBXNativeTarget "Go PokedexTests" */;
			buildPhases = (
				9562A8201C343A30009C0411 /* Sources */,
				9562A8211C343A30009C0411 /* Frameworks */,
				9562A8221C343A30009C0411 /* Resources */,
			);
			buildRules = (
			);
			dependencies = (
				9562A8261C343A30009C0411 /* PBXTargetDependency */,
			);
			name = "Go PokedexTests";
			productName = testParseTests;
			productReference = 9562A8241C343A30009C0411 /* Go Pokedex.xctest */;
			productType = "com.apple.product-type.bundle.unit-test";
		};
		9562A82E1C343A30009C0411 /* Go PokedexUITests */ = {
			isa = PBXNativeTarget;
			buildConfigurationList = 9562A83E1C343A30009C0411 /* Build configuration list for PBXNativeTarget "Go PokedexUITests" */;
			buildPhases = (
				9562A82B1C343A30009C0411 /* Sources */,
				9562A82C1C343A30009C0411 /* Frameworks */,
				9562A82D1C343A30009C0411 /* Resources */,
			);
			buildRules = (
			);
			dependencies = (
				9562A8311C343A30009C0411 /* PBXTargetDependency */,
			);
			name = "Go PokedexUITests";
			productName = testParseUITests;
			productReference = 9562A82F1C343A30009C0411 /* Go Pokedex.xctest */;
			productType = "com.apple.product-type.bundle.ui-testing";
		};
/* End PBXNativeTarget section */

/* Begin PBXProject section */
		9562A8081C343A30009C0411 /* Project object */ = {
			isa = PBXProject;
			attributes = {
				LastSwiftUpdateCheck = 0720;
				LastUpgradeCheck = 0720;
				ORGANIZATIONNAME = TastyApp;
				TargetAttributes = {
					9562A80F1C343A30009C0411 = {
						CreatedOnToolsVersion = 7.2;
						DevelopmentTeam = 32M3E59Q24;
						SystemCapabilities = {
							com.apple.InAppPurchase = {
								enabled = 0;
							};
							com.apple.iCloud = {
								enabled = 1;
							};
						};
					};
					9562A8231C343A30009C0411 = {
						CreatedOnToolsVersion = 7.2;
						TestTargetID = 9562A80F1C343A30009C0411;
					};
					9562A82E1C343A30009C0411 = {
						CreatedOnToolsVersion = 7.2;
						TestTargetID = 9562A80F1C343A30009C0411;
					};
				};
			};
			buildConfigurationList = 9562A80B1C343A30009C0411 /* Build configuration list for PBXProject "Go Pokedex" */;
			compatibilityVersion = "Xcode 3.2";
			developmentRegion = English;
			hasScannedForEncodings = 0;
			knownRegions = (
				en,
				Base,
			);
			mainGroup = 9562A8071C343A30009C0411;
			productRefGroup = 9562A8111C343A30009C0411 /* Products */;
			projectDirPath = "";
			projectRoot = "";
			targets = (
				9562A80F1C343A30009C0411 /* Go Pokedex */,
				9562A8231C343A30009C0411 /* Go PokedexTests */,
				9562A82E1C343A30009C0411 /* Go PokedexUITests */,
			);
		};
/* End PBXProject section */

/* Begin PBXResourcesBuildPhase section */
		9562A80E1C343A30009C0411 /* Resources */ = {
			isa = PBXResourcesBuildPhase;
			buildActionMask = 2147483647;
			files = (
				000B7AE31D6892C700B39A1B /* Pokemon Solid.ttf in Resources */,
				00BD02471D64E23F00EAAB9D /* OpenSans-Bold.ttf in Resources */,
				00BD024C1D64E23F00EAAB9D /* OpenSans-Light.ttf in Resources */,
				00BD024F1D64E23F00EAAB9D /* OpenSans-Semibold.ttf in Resources */,
				00BD024B1D64E23F00EAAB9D /* OpenSans-Italic.ttf in Resources */,
				00ECECDC1D67CDA000443918 /* Steel.jpg in Resources */,
				008C6FC81D75BDBF00A8A7FB /* LevelModalView.xib in Resources */,
				00ECECDD1D67CDA000443918 /* Water.jpg in Resources */,
				00ECECD31D67CDA000443918 /* Bug.jpg in Resources */,
				006B88511D6B3BE500FC68C4 /* TipsHeaderView.xib in Resources */,
				00A4AA3E1D6A52AE0013B4A2 /* Fire.jpg in Resources */,
				008C6FBC1D751C2800A8A7FB /* HpModalView.xib in Resources */,
				00ECECD41D67CDA000443918 /* Dragon.jpg in Resources */,
				008C6FC21D75B76A00A8A7FB /* StardustModalView.xib in Resources */,
				9562A81E1C343A30009C0411 /* LaunchScreen.storyboard in Resources */,
				0007B35D1D71141500821141 /* GoPokedex_Descriptions.csv in Resources */,
				00ECECD91D67CDA000443918 /* Normal.jpg in Resources */,
				00ECECD81D67CDA000443918 /* Ice.jpg in Resources */,
				00ECECD71D67CDA000443918 /* Grass.jpg in Resources */,
				0007B3611D71C28700821141 /* GoPokedex_SpeciesFinal.csv in Resources */,
				008C6FC01D7594DA00A8A7FB /* CpModalView.xib in Resources */,
				0007B3651D724A9200821141 /* GoPokedex_ChargeMovesFinal.csv in Resources */,
				0036E42F1D732FA800C98905 /* Assets.xcassets in Resources */,
				0007B35B1D71021D00821141 /* GoPokedex_TypesFinal.csv in Resources */,
				00ECECD61D67CDA000443918 /* Flying.jpg in Resources */,
				00877C751D63A11700570241 /* Info.plist in Resources */,
				00ECECDB1D67CDA000443918 /* Psychic.jpg in Resources */,
				00ECECD51D67CDA000443918 /* Fighting.jpg in Resources */,
				9562A8191C343A30009C0411 /* Main.storyboard in Resources */,
				00ECECDA1D67CDA000443918 /* Poison.jpg in Resources */,
				009A7F091D6D27130024109F /* GoPokedex_Evolutions.csv in Resources */,
				0007B3551D70FBA400821141 /* GoPokedex_QuickMovesFinal.csv in Resources */,
			);
			runOnlyForDeploymentPostprocessing = 0;
		};
		9562A8221C343A30009C0411 /* Resources */ = {
			isa = PBXResourcesBuildPhase;
			buildActionMask = 2147483647;
			files = (
			);
			runOnlyForDeploymentPostprocessing = 0;
		};
		9562A82D1C343A30009C0411 /* Resources */ = {
			isa = PBXResourcesBuildPhase;
			buildActionMask = 2147483647;
			files = (
			);
			runOnlyForDeploymentPostprocessing = 0;
		};
/* End PBXResourcesBuildPhase section */

/* Begin PBXSourcesBuildPhase section */
		9562A80C1C343A30009C0411 /* Sources */ = {
			isa = PBXSourcesBuildPhase;
			buildActionMask = 2147483647;
			files = (
				006B88531D6B3D2100FC68C4 /* TipsDescriptionl.swift in Sources */,
				008C6FBB1D751C2800A8A7FB /* HpModalView.swift in Sources */,
				00877C791D63A11700570241 /* NVActivityIndicatorViewable.swift in Sources */,
				9562A86B1C343CD4009C0411 /* CustomData.m in Sources */,
				006B888F1D6C8D4C00FC68C4 /* QuickMove.swift in Sources */,
				00877C551D63A11700570241 /* NVActivityIndicatorAnimationAudioEqualizer.swift in Sources */,
				9562A8161C343A30009C0411 /* ViewController.swift in Sources */,
				38E50B851D78C9130036658A /* SettingsViewController.swift in Sources */,
				00877C731D63A11700570241 /* NVActivityIndicatorAnimationSquareSpin.swift in Sources */,
				00877C6B1D63A11700570241 /* NVActivityIndicatorAnimationLineScale.swift in Sources */,
				00877C6A1D63A11700570241 /* NVActivityIndicatorAnimationCubeTransition.swift in Sources */,
				00877C641D63A11700570241 /* NVActivityIndicatorAnimationBallScaleRippleMultiple.swift in Sources */,
				00877C621D63A11700570241 /* NVActivityIndicatorAnimationBallScaleMultiple.swift in Sources */,
				006B88591D6B43F600FC68C4 /* Tips.swift in Sources */,
				00877C5E1D63A11700570241 /* NVActivityIndicatorAnimationBallPulseSync.swift in Sources */,
				008C6FC61D75BDAC00A8A7FB /* LevelModalView.swift in Sources */,
				00877C761D63A11700570241 /* NVActivityIndicatorAnimationDelegate.swift in Sources */,
				00877C5B1D63A11700570241 /* NVActivityIndicatorAnimationBallGridPulse.swift in Sources */,
				00877C6E1D63A11700570241 /* NVActivityIndicatorAnimationLineScalePulseOutRapid.swift in Sources */,
				00877C671D63A11700570241 /* NVActivityIndicatorAnimationBallZigZag.swift in Sources */,
				006B885D1D6B773800FC68C4 /* TipsDetailViewController.swift in Sources */,
				00BD02371D64DF4A00EAAB9D /* FoldingCell.swift in Sources */,
				00877C631D63A11700570241 /* NVActivityIndicatorAnimationBallScaleRipple.swift in Sources */,
				00877C741D63A11700570241 /* NVActivityIndicatorAnimationTriangleSkewSpin.swift in Sources */,
				00877C721D63A11700570241 /* NVActivityIndicatorAnimationSemiCircleSpin.swift in Sources */,
				00877C771D63A11700570241 /* NVActivityIndicatorShape.swift in Sources */,
				00877C251D63A06600570241 /* RAMBounceAnimation.swift in Sources */,
				00877C6D1D63A11700570241 /* NVActivityIndicatorAnimationLineScalePulseOut.swift in Sources */,
				00877C571D63A11700570241 /* NVActivityIndicatorAnimationBallClipRotate.swift in Sources */,
				008C6FB41D75129100A8A7FB /* PathDynamicModal.swift in Sources */,
				00877C2B1D63A06600570241 /* RAMBadge.swift in Sources */,
				00877C711D63A11700570241 /* NVActivityIndicatorAnimationPacman.swift in Sources */,
				00A4AA421D6A75640013B4A2 /* TipsViewController.swift in Sources */,
				95CE1E561C3549F600D51E3B /* DetailViewController.swift in Sources */,
				00877C651D63A11700570241 /* NVActivityIndicatorAnimationBallSpinFadeLoader.swift in Sources */,
				0036E42B1D73122000C98905 /* SevenSwitch.swift in Sources */,
				00877C261D63A06600570241 /* RAMFrameItemAnimation.swift in Sources */,
				00ECECDF1D67CDBF00443918 /* chargeMovesViewController.swift in Sources */,
				006B88941D6C8D6C00FC68C4 /* Constants.swift in Sources */,
				00A4AA311D69B7140013B4A2 /* PathMenuItem.swift in Sources */,
				9562A8141C343A30009C0411 /* AppDelegate.swift in Sources */,
				00877C2A1D63A06600570241 /* RAMAnimatedTabBarController.swift in Sources */,
				006B88571D6B409600FC68C4 /* RoundImage.swift in Sources */,
				00877C581D63A11700570241 /* NVActivityIndicatorAnimationBallClipRotateMultiple.swift in Sources */,
				000B7AD51D68902300B39A1B /* PokedexViewController.swift in Sources */,
				00877C6F1D63A11700570241 /* NVActivityIndicatorAnimationLineSpinFadeLoader.swift in Sources */,
				006B885B1D6B73D900FC68C4 /* TipsRow.swift in Sources */,
				00877C781D63A11700570241 /* NVActivityIndicatorView.swift in Sources */,
				00877C681D63A11700570241 /* NVActivityIndicatorAnimationBallZigZagDeflect.swift in Sources */,
				00877C271D63A06600570241 /* RAMFumeAnimation.swift in Sources */,
				006B88971D6C8D6C00FC68C4 /* utils.swift in Sources */,
				00BD023B1D64E0E100EAAB9D /* MainTableViewController.swift in Sources */,
				006B888D1D6C8D4C00FC68C4 /* ChargeMove.swift in Sources */,
				008C6FC41D75B7BF00A8A7FB /* StardustModalView.swift in Sources */,
				00BD02391D64E04600EAAB9D /* DemoCell.swift in Sources */,
				00A4AA301D69B7140013B4A2 /* PathMenu.swift in Sources */,
				00877C661D63A11700570241 /* NVActivityIndicatorAnimationBallTrianglePath.swift in Sources */,
				0036E4251D73110A00C98905 /* IVViewController.swift in Sources */,
				00877C291D63A06600570241 /* RAMTransitionItemAnimations.swift in Sources */,
				008C6FBE1D7594A600A8A7FB /* CpModalView.swift in Sources */,
				00877C5A1D63A11700570241 /* NVActivityIndicatorAnimationBallGridBeat.swift in Sources */,
				00877C591D63A11700570241 /* NVActivityIndicatorAnimationBallClipRotatePulse.swift in Sources */,
				00877C611D63A11700570241 /* NVActivityIndicatorAnimationBallScale.swift in Sources */,
				00877C601D63A11700570241 /* NVActivityIndicatorAnimationBallRotateChase.swift in Sources */,
				00877C691D63A11700570241 /* NVActivityIndicatorAnimationBlank.swift in Sources */,
				00D0A9DC1D606FAF0005E3E2 /* quickMovesViewController.swift in Sources */,
				0007B3531D70F87300821141 /* Types.swift in Sources */,
				00877C6C1D63A11700570241 /* NVActivityIndicatorAnimationLineScaleParty.swift in Sources */,
				00877C701D63A11700570241 /* NVActivityIndicatorAnimationOrbit.swift in Sources */,
				009A7F161D6F62DC0024109F /* ItemsViewController.swift in Sources */,
				00877C5D1D63A11700570241 /* NVActivityIndicatorAnimationBallPulseRise.swift in Sources */,
				0007B3631D72114700821141 /* IvCalculator.swift in Sources */,
				009A7F131D6F4D6A0024109F /* MenuViewController.swift in Sources */,
				00877C5F1D63A11700570241 /* NVActivityIndicatorAnimationBallRotate.swift in Sources */,
				00A4AA351D69B8660013B4A2 /* MenuController.swift in Sources */,
				00877C561D63A11700570241 /* NVActivityIndicatorAnimationBallBeat.swift in Sources */,
				006B88551D6B3D8E00FC68C4 /* TipsHeaderView.swift in Sources */,
				00877C281D63A06600570241 /* RAMRotationAnimation.swift in Sources */,
				00877C2C1D63A06600570241 /* RAMItemAnimationProtocol.swift in Sources */,
				00877C5C1D63A11700570241 /* NVActivityIndicatorAnimationBallPulse.swift in Sources */,
				006B888E1D6C8D4C00FC68C4 /* Pokemon.swift in Sources */,
				006B88951D6C8D6C00FC68C4 /* csvParsing.swift in Sources */,
			);
			runOnlyForDeploymentPostprocessing = 0;
		};
		9562A8201C343A30009C0411 /* Sources */ = {
			isa = PBXSourcesBuildPhase;
			buildActionMask = 2147483647;
			files = (
				9562A8291C343A30009C0411 /* CityGuideTests.swift in Sources */,
			);
			runOnlyForDeploymentPostprocessing = 0;
		};
		9562A82B1C343A30009C0411 /* Sources */ = {
			isa = PBXSourcesBuildPhase;
			buildActionMask = 2147483647;
			files = (
				9562A8341C343A30009C0411 /* CityGuideUITests.swift in Sources */,
			);
			runOnlyForDeploymentPostprocessing = 0;
		};
/* End PBXSourcesBuildPhase section */

/* Begin PBXTargetDependency section */
		9562A8261C343A30009C0411 /* PBXTargetDependency */ = {
			isa = PBXTargetDependency;
			target = 9562A80F1C343A30009C0411 /* Go Pokedex */;
			targetProxy = 9562A8251C343A30009C0411 /* PBXContainerItemProxy */;
		};
		9562A8311C343A30009C0411 /* PBXTargetDependency */ = {
			isa = PBXTargetDependency;
			target = 9562A80F1C343A30009C0411 /* Go Pokedex */;
			targetProxy = 9562A8301C343A30009C0411 /* PBXContainerItemProxy */;
		};
/* End PBXTargetDependency section */

/* Begin PBXVariantGroup section */
		9562A8171C343A30009C0411 /* Main.storyboard */ = {
			isa = PBXVariantGroup;
			children = (
				9562A8181C343A30009C0411 /* Base */,
			);
			name = Main.storyboard;
			sourceTree = "<group>";
		};
		9562A81C1C343A30009C0411 /* LaunchScreen.storyboard */ = {
			isa = PBXVariantGroup;
			children = (
				9562A81D1C343A30009C0411 /* Base */,
			);
			name = LaunchScreen.storyboard;
			sourceTree = "<group>";
		};
/* End PBXVariantGroup section */

/* Begin XCBuildConfiguration section */
		9562A8361C343A30009C0411 /* Debug */ = {
			isa = XCBuildConfiguration;
			buildSettings = {
				ALWAYS_SEARCH_USER_PATHS = NO;
				CLANG_CXX_LANGUAGE_STANDARD = "gnu++0x";
				CLANG_CXX_LIBRARY = "libc++";
				CLANG_ENABLE_MODULES = YES;
				CLANG_ENABLE_OBJC_ARC = YES;
				CLANG_WARN_BOOL_CONVERSION = YES;
				CLANG_WARN_CONSTANT_CONVERSION = YES;
				CLANG_WARN_DIRECT_OBJC_ISA_USAGE = YES_ERROR;
				CLANG_WARN_EMPTY_BODY = YES;
				CLANG_WARN_ENUM_CONVERSION = YES;
				CLANG_WARN_INT_CONVERSION = YES;
				CLANG_WARN_OBJC_ROOT_CLASS = YES_ERROR;
				CLANG_WARN_UNREACHABLE_CODE = YES;
				CLANG_WARN__DUPLICATE_METHOD_MATCH = YES;
				"CODE_SIGN_IDENTITY[sdk=iphoneos*]" = "iPhone Developer";
				COPY_PHASE_STRIP = NO;
				DEBUG_INFORMATION_FORMAT = dwarf;
				ENABLE_STRICT_OBJC_MSGSEND = YES;
				ENABLE_TESTABILITY = YES;
				GCC_C_LANGUAGE_STANDARD = gnu99;
				GCC_DYNAMIC_NO_PIC = NO;
				GCC_NO_COMMON_BLOCKS = YES;
				GCC_OPTIMIZATION_LEVEL = 0;
				GCC_PREPROCESSOR_DEFINITIONS = (
					"DEBUG=1",
					"$(inherited)",
				);
				GCC_WARN_64_TO_32_BIT_CONVERSION = YES;
				GCC_WARN_ABOUT_RETURN_TYPE = YES_ERROR;
				GCC_WARN_UNDECLARED_SELECTOR = YES;
				GCC_WARN_UNINITIALIZED_AUTOS = YES_AGGRESSIVE;
				GCC_WARN_UNUSED_FUNCTION = YES;
				GCC_WARN_UNUSED_VARIABLE = YES;
				IPHONEOS_DEPLOYMENT_TARGET = 8.0;
				MTL_ENABLE_DEBUG_INFO = YES;
				ONLY_ACTIVE_ARCH = YES;
				SDKROOT = iphoneos;
				SWIFT_OPTIMIZATION_LEVEL = "-Onone";
			};
			name = Debug;
		};
		9562A8371C343A30009C0411 /* Release */ = {
			isa = XCBuildConfiguration;
			buildSettings = {
				ALWAYS_SEARCH_USER_PATHS = NO;
				CLANG_CXX_LANGUAGE_STANDARD = "gnu++0x";
				CLANG_CXX_LIBRARY = "libc++";
				CLANG_ENABLE_MODULES = YES;
				CLANG_ENABLE_OBJC_ARC = YES;
				CLANG_WARN_BOOL_CONVERSION = YES;
				CLANG_WARN_CONSTANT_CONVERSION = YES;
				CLANG_WARN_DIRECT_OBJC_ISA_USAGE = YES_ERROR;
				CLANG_WARN_EMPTY_BODY = YES;
				CLANG_WARN_ENUM_CONVERSION = YES;
				CLANG_WARN_INT_CONVERSION = YES;
				CLANG_WARN_OBJC_ROOT_CLASS = YES_ERROR;
				CLANG_WARN_UNREACHABLE_CODE = YES;
				CLANG_WARN__DUPLICATE_METHOD_MATCH = YES;
				"CODE_SIGN_IDENTITY[sdk=iphoneos*]" = "iPhone Developer";
				COPY_PHASE_STRIP = NO;
				DEBUG_INFORMATION_FORMAT = "dwarf-with-dsym";
				ENABLE_NS_ASSERTIONS = NO;
				ENABLE_STRICT_OBJC_MSGSEND = YES;
				GCC_C_LANGUAGE_STANDARD = gnu99;
				GCC_NO_COMMON_BLOCKS = YES;
				GCC_WARN_64_TO_32_BIT_CONVERSION = YES;
				GCC_WARN_ABOUT_RETURN_TYPE = YES_ERROR;
				GCC_WARN_UNDECLARED_SELECTOR = YES;
				GCC_WARN_UNINITIALIZED_AUTOS = YES_AGGRESSIVE;
				GCC_WARN_UNUSED_FUNCTION = YES;
				GCC_WARN_UNUSED_VARIABLE = YES;
				IPHONEOS_DEPLOYMENT_TARGET = 8.0;
				MTL_ENABLE_DEBUG_INFO = NO;
				SDKROOT = iphoneos;
				VALIDATE_PRODUCT = YES;
			};
			name = Release;
		};
		9562A8391C343A30009C0411 /* Debug */ = {
			isa = XCBuildConfiguration;
			buildSettings = {
				ASSETCATALOG_COMPILER_APPICON_NAME = "AppIcon-1";
				CLANG_ENABLE_MODULES = YES;
				CODE_SIGN_ENTITLEMENTS = CityGuide/CityGuide.entitlements;
				CODE_SIGN_IDENTITY = "iPhone Developer";
				"CODE_SIGN_IDENTITY[sdk=iphoneos*]" = "iPhone Developer";
				ENABLE_BITCODE = NO;
				FRAMEWORK_SEARCH_PATHS = (
					"$(inherited)",
					"$(PROJECT_DIR)",
				);
				INFOPLIST_FILE = CityGuide/Info.plist;
				IPHONEOS_DEPLOYMENT_TARGET = 8.0;
				LD_RUNPATH_SEARCH_PATHS = "$(inherited) @executable_path/Frameworks";
				OTHER_SWIFT_FLAGS = "-Xfrontend -debug-time-function-bodies";
				PRODUCT_BUNDLE_IDENTIFIER = com.tastyapp.gopokedex;
				PRODUCT_NAME = "Go Pokedex";
				PROVISIONING_PROFILE = "";
				SWIFT_OBJC_BRIDGING_HEADER = "";
				SWIFT_OPTIMIZATION_LEVEL = "-Onone";
				TARGETED_DEVICE_FAMILY = 1;
			};
			name = Debug;
		};
		9562A83A1C343A30009C0411 /* Release */ = {
			isa = XCBuildConfiguration;
			buildSettings = {
				ASSETCATALOG_COMPILER_APPICON_NAME = "AppIcon-1";
				CLANG_ENABLE_MODULES = YES;
				CODE_SIGN_ENTITLEMENTS = CityGuide/CityGuide.entitlements;
				CODE_SIGN_IDENTITY = "iPhone Developer";
				"CODE_SIGN_IDENTITY[sdk=iphoneos*]" = "iPhone Developer";
				ENABLE_BITCODE = NO;
				FRAMEWORK_SEARCH_PATHS = (
					"$(inherited)",
					"$(PROJECT_DIR)",
				);
				INFOPLIST_FILE = CityGuide/Info.plist;
				IPHONEOS_DEPLOYMENT_TARGET = 8.0;
				LD_RUNPATH_SEARCH_PATHS = "$(inherited) @executable_path/Frameworks";
				OTHER_SWIFT_FLAGS = "-Xfrontend -debug-time-function-bodies";
				PRODUCT_BUNDLE_IDENTIFIER = com.tastyapp.gopokedex;
				PRODUCT_NAME = "Go Pokedex";
				PROVISIONING_PROFILE = "";
				SWIFT_OBJC_BRIDGING_HEADER = "";
				TARGETED_DEVICE_FAMILY = 1;
			};
			name = Release;
		};
		9562A83C1C343A30009C0411 /* Debug */ = {
			isa = XCBuildConfiguration;
			buildSettings = {
				BUNDLE_LOADER = "$(TEST_HOST)";
				INFOPLIST_FILE = testParseTests/Info.plist;
				LD_RUNPATH_SEARCH_PATHS = "$(inherited) @executable_path/Frameworks @loader_path/Frameworks";
				PRODUCT_BUNDLE_IDENTIFIER = com.cmp.testParseTests;
				PRODUCT_NAME = "Go Pokedex";
				TEST_HOST = "$(BUILT_PRODUCTS_DIR)/Go Pokedex.app/Go Pokedex";
			};
			name = Debug;
		};
		9562A83D1C343A30009C0411 /* Release */ = {
			isa = XCBuildConfiguration;
			buildSettings = {
				BUNDLE_LOADER = "$(TEST_HOST)";
				INFOPLIST_FILE = testParseTests/Info.plist;
				LD_RUNPATH_SEARCH_PATHS = "$(inherited) @executable_path/Frameworks @loader_path/Frameworks";
				PRODUCT_BUNDLE_IDENTIFIER = com.cmp.testParseTests;
				PRODUCT_NAME = "Go Pokedex";
				TEST_HOST = "$(BUILT_PRODUCTS_DIR)/Go Pokedex.app/Go Pokedex";
			};
			name = Release;
		};
		9562A83F1C343A30009C0411 /* Debug */ = {
			isa = XCBuildConfiguration;
			buildSettings = {
				INFOPLIST_FILE = testParseUITests/Info.plist;
				LD_RUNPATH_SEARCH_PATHS = "$(inherited) @executable_path/Frameworks @loader_path/Frameworks";
				PRODUCT_BUNDLE_IDENTIFIER = com.cmp.testParseUITests;
				PRODUCT_NAME = "Go Pokedex";
				TEST_TARGET_NAME = testParse;
				USES_XCTRUNNER = YES;
			};
			name = Debug;
		};
		9562A8401C343A30009C0411 /* Release */ = {
			isa = XCBuildConfiguration;
			buildSettings = {
				INFOPLIST_FILE = testParseUITests/Info.plist;
				LD_RUNPATH_SEARCH_PATHS = "$(inherited) @executable_path/Frameworks @loader_path/Frameworks";
				PRODUCT_BUNDLE_IDENTIFIER = com.cmp.testParseUITests;
				PRODUCT_NAME = "Go Pokedex";
				TEST_TARGET_NAME = testParse;
				USES_XCTRUNNER = YES;
			};
			name = Release;
		};
/* End XCBuildConfiguration section */

/* Begin XCConfigurationList section */
		9562A80B1C343A30009C0411 /* Build configuration list for PBXProject "Go Pokedex" */ = {
			isa = XCConfigurationList;
			buildConfigurations = (
				9562A8361C343A30009C0411 /* Debug */,
				9562A8371C343A30009C0411 /* Release */,
			);
			defaultConfigurationIsVisible = 0;
			defaultConfigurationName = Release;
		};
		9562A8381C343A30009C0411 /* Build configuration list for PBXNativeTarget "Go Pokedex" */ = {
			isa = XCConfigurationList;
			buildConfigurations = (
				9562A8391C343A30009C0411 /* Debug */,
				9562A83A1C343A30009C0411 /* Release */,
			);
			defaultConfigurationIsVisible = 0;
			defaultConfigurationName = Release;
		};
		9562A83B1C343A30009C0411 /* Build configuration list for PBXNativeTarget "Go PokedexTests" */ = {
			isa = XCConfigurationList;
			buildConfigurations = (
				9562A83C1C343A30009C0411 /* Debug */,
				9562A83D1C343A30009C0411 /* Release */,
			);
			defaultConfigurationIsVisible = 0;
			defaultConfigurationName = Release;
		};
		9562A83E1C343A30009C0411 /* Build configuration list for PBXNativeTarget "Go PokedexUITests" */ = {
			isa = XCConfigurationList;
			buildConfigurations = (
				9562A83F1C343A30009C0411 /* Debug */,
				9562A8401C343A30009C0411 /* Release */,
			);
			defaultConfigurationIsVisible = 0;
			defaultConfigurationName = Release;
		};
/* End XCConfigurationList section */
	};
	rootObject = 9562A8081C343A30009C0411 /* Project object */;
}
