// !$*UTF8*$!
{
	archiveVersion = 1;
	classes = {
	};
	objectVersion = 46;
	objects = {

/* Begin PBXBuildFile section */
		9562A8141C343A30009C0411 /* AppDelegate.swift in Sources */ = {isa = PBXBuildFile; fileRef = 9562A8131C343A30009C0411 /* AppDelegate.swift */; };
		9562A8161C343A30009C0411 /* ViewController.swift in Sources */ = {isa = PBXBuildFile; fileRef = 9562A8151C343A30009C0411 /* ViewController.swift */; };
		9562A8191C343A30009C0411 /* Main.storyboard in Resources */ = {isa = PBXBuildFile; fileRef = 9562A8171C343A30009C0411 /* Main.storyboard */; };
		9562A81B1C343A30009C0411 /* Assets.xcassets in Resources */ = {isa = PBXBuildFile; fileRef = 9562A81A1C343A30009C0411 /* Assets.xcassets */; };
		9562A81E1C343A30009C0411 /* LaunchScreen.storyboard in Resources */ = {isa = PBXBuildFile; fileRef = 9562A81C1C343A30009C0411 /* LaunchScreen.storyboard */; };
		9562A8291C343A30009C0411 /* testParseTests.swift in Sources */ = {isa = PBXBuildFile; fileRef = 9562A8281C343A30009C0411 /* testParseTests.swift */; };
		9562A8341C343A30009C0411 /* testParseUITests.swift in Sources */ = {isa = PBXBuildFile; fileRef = 9562A8331C343A30009C0411 /* testParseUITests.swift */; };
/* End PBXBuildFile section */

/* Begin PBXContainerItemProxy section */
		9562A8251C343A30009C0411 /* PBXContainerItemProxy */ = {
			isa = PBXContainerItemProxy;
			containerPortal = 9562A8081C343A30009C0411 /* Project object */;
			proxyType = 1;
			remoteGlobalIDString = 9562A80F1C343A30009C0411;
			remoteInfo = testParse;
		};
		9562A8301C343A30009C0411 /* PBXContainerItemProxy */ = {
			isa = PBXContainerItemProxy;
			containerPortal = 9562A8081C343A30009C0411 /* Project object */;
			proxyType = 1;
			remoteGlobalIDString = 9562A80F1C343A30009C0411;
			remoteInfo = testParse;
		};
/* End PBXContainerItemProxy section */

/* Begin PBXFileReference section */
		9562A8101C343A30009C0411 /* testParse.app */ = {isa = PBXFileReference; explicitFileType = wrapper.application; includeInIndex = 0; path = testParse.app; sourceTree = BUILT_PRODUCTS_DIR; };
		9562A8131C343A30009C0411 /* AppDelegate.swift */ = {isa = PBXFileReference; lastKnownFileType = sourcecode.swift; path = AppDelegate.swift; sourceTree = "<group>"; };
		9562A8151C343A30009C0411 /* ViewController.swift */ = {isa = PBXFileReference; lastKnownFileType = sourcecode.swift; path = ViewController.swift; sourceTree = "<group>"; };
		9562A8181C343A30009C0411 /* Base */ = {isa = PBXFileReference; lastKnownFileType = file.storyboard; name = Base; path = Base.lproj/Main.storyboard; sourceTree = "<group>"; };
		9562A81A1C343A30009C0411 /* Assets.xcassets */ = {isa = PBXFileReference; lastKnownFileType = folder.assetcatalog; path = Assets.xcassets; sourceTree = "<group>"; };
		9562A81D1C343A30009C0411 /* Base */ = {isa = PBXFileReference; lastKnownFileType = file.storyboard; name = Base; path = Base.lproj/LaunchScreen.storyboard; sourceTree = "<group>"; };
		9562A81F1C343A30009C0411 /* Info.plist */ = {isa = PBXFileReference; lastKnownFileType = text.plist.xml; path = Info.plist; sourceTree = "<group>"; };
		9562A8241C343A30009C0411 /* testParseTests.xctest */ = {isa = PBXFileReference; explicitFileType = wrapper.cfbundle; includeInIndex = 0; path = testParseTests.xctest; sourceTree = BUILT_PRODUCTS_DIR; };
		9562A8281C343A30009C0411 /* testParseTests.swift */ = {isa = PBXFileReference; lastKnownFileType = sourcecode.swift; path = testParseTests.swift; sourceTree = "<group>"; };
		9562A82A1C343A30009C0411 /* Info.plist */ = {isa = PBXFileReference; lastKnownFileType = text.plist.xml; path = Info.plist; sourceTree = "<group>"; };
		9562A82F1C343A30009C0411 /* testParseUITests.xctest */ = {isa = PBXFileReference; explicitFileType = wrapper.cfbundle; includeInIndex = 0; path = testParseUITests.xctest; sourceTree = BUILT_PRODUCTS_DIR; };
		9562A8331C343A30009C0411 /* testParseUITests.swift */ = {isa = PBXFileReference; lastKnownFileType = sourcecode.swift; path = testParseUITests.swift; sourceTree = "<group>"; };
		9562A8351C343A30009C0411 /* Info.plist */ = {isa = PBXFileReference; lastKnownFileType = text.plist.xml; path = Info.plist; sourceTree = "<group>"; };
/* End PBXFileReference section */

/* Begin PBXFrameworksBuildPhase section */
		9562A80D1C343A30009C0411 /* Frameworks */ = {
			isa = PBXFrameworksBuildPhase;
			buildActionMask = 2147483647;
			files = (
			);
			runOnlyForDeploymentPostprocessing = 0;
		};
		9562A8211C343A30009C0411 /* Frameworks */ = {
			isa = PBXFrameworksBuildPhase;
			buildActionMask = 2147483647;
			files = (
			);
			runOnlyForDeploymentPostprocessing = 0;
		};
		9562A82C1C343A30009C0411 /* Frameworks */ = {
			isa = PBXFrameworksBuildPhase;
			buildActionMask = 2147483647;
			files = (
			);
			runOnlyForDeploymentPostprocessing = 0;
		};
/* End PBXFrameworksBuildPhase section */

/* Begin PBXGroup section */
		9562A8071C343A30009C0411 = {
			isa = PBXGroup;
			children = (
				9562A8121C343A30009C0411 /* testParse */,
				9562A8271C343A30009C0411 /* testParseTests */,
				9562A8321C343A30009C0411 /* testParseUITests */,
				9562A8111C343A30009C0411 /* Products */,
			);
			sourceTree = "<group>";
		};
		9562A8111C343A30009C0411 /* Products */ = {
			isa = PBXGroup;
			children = (
				9562A8101C343A30009C0411 /* testParse.app */,
				9562A8241C343A30009C0411 /* testParseTests.xctest */,
				9562A82F1C343A30009C0411 /* testParseUITests.xctest */,
			);
			name = Products;
			sourceTree = "<group>";
		};
		9562A8121C343A30009C0411 /* testParse */ = {
			isa = PBXGroup;
			children = (
				9562A8131C343A30009C0411 /* AppDelegate.swift */,
				9562A8151C343A30009C0411 /* ViewController.swift */,
				9562A8171C343A30009C0411 /* Main.storyboard */,
				9562A81A1C343A30009C0411 /* Assets.xcassets */,
				9562A81C1C343A30009C0411 /* LaunchScreen.storyboard */,
				9562A81F1C343A30009C0411 /* Info.plist */,
			);
			path = testParse;
			sourceTree = "<group>";
		};
		9562A8271C343A30009C0411 /* testParseTests */ = {
			isa = PBXGroup;
			children = (
				9562A8281C343A30009C0411 /* testParseTests.swift */,
				9562A82A1C343A30009C0411 /* Info.plist */,
			);
			path = testParseTests;
			sourceTree = "<group>";
		};
		9562A8321C343A30009C0411 /* testParseUITests */ = {
			isa = PBXGroup;
			children = (
				9562A8331C343A30009C0411 /* testParseUITests.swift */,
				9562A8351C343A30009C0411 /* Info.plist */,
			);
			path = testParseUITests;
			sourceTree = "<group>";
		};
/* End PBXGroup section */

/* Begin PBXNativeTarget section */
		9562A80F1C343A30009C0411 /* testParse */ = {
			isa = PBXNativeTarget;
			buildConfigurationList = 9562A8381C343A30009C0411 /* Build configuration list for PBXNativeTarget "testParse" */;
			buildPhases = (
				9562A80C1C343A30009C0411 /* Sources */,
				9562A80D1C343A30009C0411 /* Frameworks */,
				9562A80E1C343A30009C0411 /* Resources */,
			);
			buildRules = (
			);
			dependencies = (
			);
			name = testParse;
			productName = testParse;
			productReference = 9562A8101C343A30009C0411 /* testParse.app */;
			productType = "com.apple.product-type.application";
		};
		9562A8231C343A30009C0411 /* testParseTests */ = {
			isa = PBXNativeTarget;
			buildConfigurationList = 9562A83B1C343A30009C0411 /* Build configuration list for PBXNativeTarget "testParseTests" */;
			buildPhases = (
				9562A8201C343A30009C0411 /* Sources */,
				9562A8211C343A30009C0411 /* Frameworks */,
				9562A8221C343A30009C0411 /* Resources */,
			);
			buildRules = (
			);
			dependencies = (
				9562A8261C343A30009C0411 /* PBXTargetDependency */,
			);
			name = testParseTests;
			productName = testParseTests;
			productReference = 9562A8241C343A30009C0411 /* testParseTests.xctest */;
			productType = "com.apple.product-type.bundle.unit-test";
		};
		9562A82E1C343A30009C0411 /* testParseUITests */ = {
			isa = PBXNativeTarget;
			buildConfigurationList = 9562A83E1C343A30009C0411 /* Build configuration list for PBXNativeTarget "testParseUITests" */;
			buildPhases = (
				9562A82B1C343A30009C0411 /* Sources */,
				9562A82C1C343A30009C0411 /* Frameworks */,
				9562A82D1C343A30009C0411 /* Resources */,
			);
			buildRules = (
			);
			dependencies = (
				9562A8311C343A30009C0411 /* PBXTargetDependency */,
			);
			name = testParseUITests;
			productName = testParseUITests;
			productReference = 9562A82F1C343A30009C0411 /* testParseUITests.xctest */;
			productType = "com.apple.product-type.bundle.ui-testing";
		};
/* End PBXNativeTarget section */

/* Begin PBXProject section */
		9562A8081C343A30009C0411 /* Project object */ = {
			isa = PBXProject;
			attributes = {
				LastSwiftUpdateCheck = 0720;
				LastUpgradeCheck = 0720;
				ORGANIZATIONNAME = Anna;
				TargetAttributes = {
					9562A80F1C343A30009C0411 = {
						CreatedOnToolsVersion = 7.2;
					};
					9562A8231C343A30009C0411 = {
						CreatedOnToolsVersion = 7.2;
						TestTargetID = 9562A80F1C343A30009C0411;
					};
					9562A82E1C343A30009C0411 = {
						CreatedOnToolsVersion = 7.2;
						TestTargetID = 9562A80F1C343A30009C0411;
					};
				};
			};
			buildConfigurationList = 9562A80B1C343A30009C0411 /* Build configuration list for PBXProject "testParse" */;
			compatibilityVersion = "Xcode 3.2";
			developmentRegion = English;
			hasScannedForEncodings = 0;
			knownRegions = (
				en,
				Base,
			);
			mainGroup = 9562A8071C343A30009C0411;
			productRefGroup = 9562A8111C343A30009C0411 /* Products */;
			projectDirPath = "";
			projectRoot = "";
			targets = (
				9562A80F1C343A30009C0411 /* testParse */,
				9562A8231C343A30009C0411 /* testParseTests */,
				9562A82E1C343A30009C0411 /* testParseUITests */,
			);
		};
/* End PBXProject section */

/* Begin PBXResourcesBuildPhase section */
		9562A80E1C343A30009C0411 /* Resources */ = {
			isa = PBXResourcesBuildPhase;
			buildActionMask = 2147483647;
			files = (
				9562A81E1C343A30009C0411 /* LaunchScreen.storyboard in Resources */,
				9562A81B1C343A30009C0411 /* Assets.xcassets in Resources */,
				9562A8191C343A30009C0411 /* Main.storyboard in Resources */,
			);
			runOnlyForDeploymentPostprocessing = 0;
		};
		9562A8221C343A30009C0411 /* Resources */ = {
			isa = PBXResourcesBuildPhase;
			buildActionMask = 2147483647;
			files = (
			);
			runOnlyForDeploymentPostprocessing = 0;
		};
		9562A82D1C343A30009C0411 /* Resources */ = {
			isa = PBXResourcesBuildPhase;
			buildActionMask = 2147483647;
			files = (
			);
			runOnlyForDeploymentPostprocessing = 0;
		};
/* End PBXResourcesBuildPhase section */

/* Begin PBXSourcesBuildPhase section */
		9562A80C1C343A30009C0411 /* Sources */ = {
			isa = PBXSourcesBuildPhase;
			buildActionMask = 2147483647;
			files = (
				9562A8161C343A30009C0411 /* ViewController.swift in Sources */,
				9562A8141C343A30009C0411 /* AppDelegate.swift in Sources */,
			);
			runOnlyForDeploymentPostprocessing = 0;
		};
		9562A8201C343A30009C0411 /* Sources */ = {
			isa = PBXSourcesBuildPhase;
			buildActionMask = 2147483647;
			files = (
				9562A8291C343A30009C0411 /* testParseTests.swift in Sources */,
			);
			runOnlyForDeploymentPostprocessing = 0;
		};
		9562A82B1C343A30009C0411 /* Sources */ = {
			isa = PBXSourcesBuildPhase;
			buildActionMask = 2147483647;
			files = (
				9562A8341C343A30009C0411 /* testParseUITests.swift in Sources */,
			);
			runOnlyForDeploymentPostprocessing = 0;
		};
/* End PBXSourcesBuildPhase section */

/* Begin PBXTargetDependency section */
		9562A8261C343A30009C0411 /* PBXTargetDependency */ = {
			isa = PBXTargetDependency;
			target = 9562A80F1C343A30009C0411 /* testParse */;
			targetProxy = 9562A8251C343A30009C0411 /* PBXContainerItemProxy */;
		};
		9562A8311C343A30009C0411 /* PBXTargetDependency */ = {
			isa = PBXTargetDependency;
			target = 9562A80F1C343A30009C0411 /* testParse */;
			targetProxy = 9562A8301C343A30009C0411 /* PBXContainerItemProxy */;
		};
/* End PBXTargetDependency section */

/* Begin PBXVariantGroup section */
		9562A8171C343A30009C0411 /* Main.storyboard */ = {
			isa = PBXVariantGroup;
			children = (
				9562A8181C343A30009C0411 /* Base */,
			);
			name = Main.storyboard;
			sourceTree = "<group>";
		};
		9562A81C1C343A30009C0411 /* LaunchScreen.storyboard */ = {
			isa = PBXVariantGroup;
			children = (
				9562A81D1C343A30009C0411 /* Base */,
			);
			name = LaunchScreen.storyboard;
			sourceTree = "<group>";
		};
/* End PBXVariantGroup section */

/* Begin XCBuildConfiguration section */
		9562A8361C343A30009C0411 /* Debug */ = {
			isa = XCBuildConfiguration;
			buildSettings = {
				ALWAYS_SEARCH_USER_PATHS = NO;
				CLANG_CXX_LANGUAGE_STANDARD = "gnu++0x";
				CLANG_CXX_LIBRARY = "libc++";
				CLANG_ENABLE_MODULES = YES;
				CLANG_ENABLE_OBJC_ARC = YES;
				CLANG_WARN_BOOL_CONVERSION = YES;
				CLANG_WARN_CONSTANT_CONVERSION = YES;
				CLANG_WARN_DIRECT_OBJC_ISA_USAGE = YES_ERROR;
				CLANG_WARN_EMPTY_BODY = YES;
				CLANG_WARN_ENUM_CONVERSION = YES;
				CLANG_WARN_INT_CONVERSION = YES;
				CLANG_WARN_OBJC_ROOT_CLASS = YES_ERROR;
				CLANG_WARN_UNREACHABLE_CODE = YES;
				CLANG_WARN__DUPLICATE_METHOD_MATCH = YES;
				"CODE_SIGN_IDENTITY[sdk=iphoneos*]" = "iPhone Developer";
				COPY_PHASE_STRIP = NO;
				DEBUG_INFORMATION_FORMAT = dwarf;
				ENABLE_STRICT_OBJC_MSGSEND = YES;
				ENABLE_TESTABILITY = YES;
				GCC_C_LANGUAGE_STANDARD = gnu99;
				GCC_DYNAMIC_NO_PIC = NO;
				GCC_NO_COMMON_BLOCKS = YES;
				GCC_OPTIMIZATION_LEVEL = 0;
				GCC_PREPROCESSOR_DEFINITIONS = (
					"DEBUG=1",
					"$(inherited)",
				);
				GCC_WARN_64_TO_32_BIT_CONVERSION = YES;
				GCC_WARN_ABOUT_RETURN_TYPE = YES_ERROR;
				GCC_WARN_UNDECLARED_SELECTOR = YES;
				GCC_WARN_UNINITIALIZED_AUTOS = YES_AGGRESSIVE;
				GCC_WARN_UNUSED_FUNCTION = YES;
				GCC_WARN_UNUSED_VARIABLE = YES;
				IPHONEOS_DEPLOYMENT_TARGET = 9.2;
				MTL_ENABLE_DEBUG_INFO = YES;
				ONLY_ACTIVE_ARCH = YES;
				SDKROOT = iphoneos;
				SWIFT_OPTIMIZATION_LEVEL = "-Onone";
			};
			name = Debug;
		};
		9562A8371C343A30009C0411 /* Release */ = {
			isa = XCBuildConfiguration;
			buildSettings = {
				ALWAYS_SEARCH_USER_PATHS = NO;
				CLANG_CXX_LANGUAGE_STANDARD = "gnu++0x";
				CLANG_CXX_LIBRARY = "libc++";
				CLANG_ENABLE_MODULES = YES;
				CLANG_ENABLE_OBJC_ARC = YES;
				CLANG_WARN_BOOL_CONVERSION = YES;
				CLANG_WARN_CONSTANT_CONVERSION = YES;
				CLANG_WARN_DIRECT_OBJC_ISA_USAGE = YES_ERROR;
				CLANG_WARN_EMPTY_BODY = YES;
				CLANG_WARN_ENUM_CONVERSION = YES;
				CLANG_WARN_INT_CONVERSION = YES;
				CLANG_WARN_OBJC_ROOT_CLASS = YES_ERROR;
				CLANG_WARN_UNREACHABLE_CODE = YES;
				CLANG_WARN__DUPLICATE_METHOD_MATCH = YES;
				"CODE_SIGN_IDENTITY[sdk=iphoneos*]" = "iPhone Developer";
				COPY_PHASE_STRIP = NO;
				DEBUG_INFORMATION_FORMAT = "dwarf-with-dsym";
				ENABLE_NS_ASSERTIONS = NO;
				ENABLE_STRICT_OBJC_MSGSEND = YES;
				GCC_C_LANGUAGE_STANDARD = gnu99;
				GCC_NO_COMMON_BLOCKS = YES;
				GCC_WARN_64_TO_32_BIT_CONVERSION = YES;
				GCC_WARN_ABOUT_RETURN_TYPE = YES_ERROR;
				GCC_WARN_UNDECLARED_SELECTOR = YES;
				GCC_WARN_UNINITIALIZED_AUTOS = YES_AGGRESSIVE;
				GCC_WARN_UNUSED_FUNCTION = YES;
				GCC_WARN_UNUSED_VARIABLE = YES;
				IPHONEOS_DEPLOYMENT_TARGET = 9.2;
				MTL_ENABLE_DEBUG_INFO = NO;
				SDKROOT = iphoneos;
				VALIDATE_PRODUCT = YES;
			};
			name = Release;
		};
		9562A8391C343A30009C0411 /* Debug */ = {
			isa = XCBuildConfiguration;
			buildSettings = {
				ASSETCATALOG_COMPILER_APPICON_NAME = AppIcon;
				INFOPLIST_FILE = testParse/Info.plist;
				LD_RUNPATH_SEARCH_PATHS = "$(inherited) @executable_path/Frameworks";
				PRODUCT_BUNDLE_IDENTIFIER = com.cmp.testParse;
				PRODUCT_NAME = "$(TARGET_NAME)";
			};
			name = Debug;
		};
		9562A83A1C343A30009C0411 /* Release */ = {
			isa = XCBuildConfiguration;
			buildSettings = {
				ASSETCATALOG_COMPILER_APPICON_NAME = AppIcon;
				INFOPLIST_FILE = testParse/Info.plist;
				LD_RUNPATH_SEARCH_PATHS = "$(inherited) @executable_path/Frameworks";
				PRODUCT_BUNDLE_IDENTIFIER = com.cmp.testParse;
				PRODUCT_NAME = "$(TARGET_NAME)";
			};
			name = Release;
		};
		9562A83C1C343A30009C0411 /* Debug */ = {
			isa = XCBuildConfiguration;
			buildSettings = {
				BUNDLE_LOADER = "$(TEST_HOST)";
				INFOPLIST_FILE = testParseTests/Info.plist;
				LD_RUNPATH_SEARCH_PATHS = "$(inherited) @executable_path/Frameworks @loader_path/Frameworks";
				PRODUCT_BUNDLE_IDENTIFIER = com.cmp.testParseTests;
				PRODUCT_NAME = "$(TARGET_NAME)";
				TEST_HOST = "$(BUILT_PRODUCTS_DIR)/testParse.app/testParse";
			};
			name = Debug;
		};
		9562A83D1C343A30009C0411 /* Release */ = {
			isa = XCBuildConfiguration;
			buildSettings = {
				BUNDLE_LOADER = "$(TEST_HOST)";
				INFOPLIST_FILE = testParseTests/Info.plist;
				LD_RUNPATH_SEARCH_PATHS = "$(inherited) @executable_path/Frameworks @loader_path/Frameworks";
				PRODUCT_BUNDLE_IDENTIFIER = com.cmp.testParseTests;
				PRODUCT_NAME = "$(TARGET_NAME)";
				TEST_HOST = "$(BUILT_PRODUCTS_DIR)/testParse.app/testParse";
			};
			name = Release;
		};
		9562A83F1C343A30009C0411 /* Debug */ = {
			isa = XCBuildConfiguration;
			buildSettings = {
				INFOPLIST_FILE = testParseUITests/Info.plist;
				LD_RUNPATH_SEARCH_PATHS = "$(inherited) @executable_path/Frameworks @loader_path/Frameworks";
				PRODUCT_BUNDLE_IDENTIFIER = com.cmp.testParseUITests;
				PRODUCT_NAME = "$(TARGET_NAME)";
				TEST_TARGET_NAME = testParse;
				USES_XCTRUNNER = YES;
			};
			name = Debug;
		};
		9562A8401C343A30009C0411 /* Release */ = {
			isa = XCBuildConfiguration;
			buildSettings = {
				INFOPLIST_FILE = testParseUITests/Info.plist;
				LD_RUNPATH_SEARCH_PATHS = "$(inherited) @executable_path/Frameworks @loader_path/Frameworks";
				PRODUCT_BUNDLE_IDENTIFIER = com.cmp.testParseUITests;
				PRODUCT_NAME = "$(TARGET_NAME)";
				TEST_TARGET_NAME = testParse;
				USES_XCTRUNNER = YES;
			};
			name = Release;
		};
/* End XCBuildConfiguration section */

/* Begin XCConfigurationList section */
		9562A80B1C343A30009C0411 /* Build configuration list for PBXProject "testParse" */ = {
			isa = XCConfigurationList;
			buildConfigurations = (
				9562A8361C343A30009C0411 /* Debug */,
				9562A8371C343A30009C0411 /* Release */,
			);
			defaultConfigurationIsVisible = 0;
			defaultConfigurationName = Release;
		};
		9562A8381C343A30009C0411 /* Build configuration list for PBXNativeTarget "testParse" */ = {
			isa = XCConfigurationList;
			buildConfigurations = (
				9562A8391C343A30009C0411 /* Debug */,
				9562A83A1C343A30009C0411 /* Release */,
			);
			defaultConfigurationIsVisible = 0;
		};
		9562A83B1C343A30009C0411 /* Build configuration list for PBXNativeTarget "testParseTests" */ = {
			isa = XCConfigurationList;
			buildConfigurations = (
				9562A83C1C343A30009C0411 /* Debug */,
				9562A83D1C343A30009C0411 /* Release */,
			);
			defaultConfigurationIsVisible = 0;
		};
		9562A83E1C343A30009C0411 /* Build configuration list for PBXNativeTarget "testParseUITests" */ = {
			isa = XCConfigurationList;
			buildConfigurations = (
				9562A83F1C343A30009C0411 /* Debug */,
				9562A8401C343A30009C0411 /* Release */,
			);
			defaultConfigurationIsVisible = 0;
		};
/* End XCConfigurationList section */
	};
	rootObject = 9562A8081C343A30009C0411 /* Project object */;
}
